// !$*UTF8*$!
{
	archiveVersion = 1;
	classes = {
	};
	objectVersion = 46;
	objects = {

/* Begin PBXAggregateTarget section */
		2805126CCC8B46808D1CC564 /* ZERO_CHECK */ = {
			isa = PBXAggregateTarget;
			buildConfigurationList = E0D2766088074B5685372AC9 /* Build configuration list for PBXAggregateTarget "ZERO_CHECK" */;
			buildPhases = (
				E8DDD0B3D45A33977C6CC1BE /* Generate CMakeFiles/ZERO_CHECK */,
			);
			dependencies = (
			);
			name = ZERO_CHECK;
			productName = ZERO_CHECK;
		};
		5681BC24F2C244E988C4C6B5 /* ALL_BUILD */ = {
			isa = PBXAggregateTarget;
			buildConfigurationList = EC37CC5F9765441B8AE60D5A /* Build configuration list for PBXAggregateTarget "ALL_BUILD" */;
			buildPhases = (
				D6E876B47AE5A0D8BB1E6199 /* Generate CMakeFiles/ALL_BUILD */,
			);
			dependencies = (
				099E39159502478F93950EF9 /* PBXTargetDependency */,
				DEDF551AA27A41E29D6789B6 /* PBXTargetDependency */,
				183F7719F8CE47B28410E578 /* PBXTargetDependency */,
			);
			name = ALL_BUILD;
			productName = ALL_BUILD;
		};
/* End PBXAggregateTarget section */

/* Begin PBXBuildFile section */
		339B516B850447CFA7177650 /* /Users/dmitdavydov/CLionProjects/HelperLib/main.cpp */ = {isa = PBXBuildFile; fileRef = 98EF00FDCC2F4742B34B48A3 /* /Users/dmitdavydov/CLionProjects/HelperLib/main.cpp */; };
		7193873BAFEE44D6A383B895 /* /Users/dmitdavydov/CLionProjects/HelperLib/CMakeLists.txt */ = {isa = PBXBuildFile; fileRef = 3B3326652B3448CE8ED6751B /* /Users/dmitdavydov/CLionProjects/HelperLib/CMakeLists.txt */; };
		8C696194B74E4950BFABE9BE /* /Users/dmitdavydov/CLionProjects/HelperLib/OSX_Screen/ScreenHelper.h */ = {isa = PBXBuildFile; fileRef = 04D9B765EB7540999EB4453F /* /Users/dmitdavydov/CLionProjects/HelperLib/OSX_Screen/ScreenHelper.h */; };
		97191FA62B5A43D0B728EC2D /* /Users/dmitdavydov/CLionProjects/HelperLib/OSX_Screen/CMakeLists.txt */ = {isa = PBXBuildFile; fileRef = A15D5E872FD84921B3306FA1 /* /Users/dmitdavydov/CLionProjects/HelperLib/OSX_Screen/CMakeLists.txt */; };
		EC59524758284D9F9B732D26 /* /Users/dmitdavydov/CLionProjects/HelperLib/OSX_Screen/ScreenHelper.h */ = {isa = PBXBuildFile; fileRef = 314BF52E1A3D441A8313071C /* /Users/dmitdavydov/CLionProjects/HelperLib/OSX_Screen/ScreenHelper.h */; };
		EDD687D370774E26961B8D6C /* /Users/dmitdavydov/CLionProjects/HelperLib/OSX_Screen/ScreenHelper.cpp */ = {isa = PBXBuildFile; fileRef = 231E2802BF474760A1C0CFCD /* /Users/dmitdavydov/CLionProjects/HelperLib/OSX_Screen/ScreenHelper.cpp */; };
/* End PBXBuildFile section */

/* Begin PBXBuildStyle section */
		59580C667A7B46E9995BC25F /* Release */ = {
			isa = PBXBuildStyle;
			buildSettings = {
				COPY_PHASE_STRIP = NO;
			};
			name = Release;
		};
		907A6D3D49794C07BCC34EF0 /* MinSizeRel */ = {
			isa = PBXBuildStyle;
			buildSettings = {
				COPY_PHASE_STRIP = NO;
			};
			name = MinSizeRel;
		};
		95DF44A4D2DA46B6AB966E47 /* Debug */ = {
			isa = PBXBuildStyle;
			buildSettings = {
				COPY_PHASE_STRIP = NO;
			};
			name = Debug;
		};
		E0CB94BFF3FD460CBEA09B95 /* RelWithDebInfo */ = {
			isa = PBXBuildStyle;
			buildSettings = {
				COPY_PHASE_STRIP = NO;
			};
			name = RelWithDebInfo;
		};
/* End PBXBuildStyle section */

/* Begin PBXContainerItemProxy section */
		275D245BC5AC483399B119F2 /* PBXContainerItemProxy */ = {
			isa = PBXContainerItemProxy;
			containerPortal = FC36A5158615485D9C71A439 /* Project object */;
			proxyType = 1;
			remoteGlobalIDString = 4B89BCB982A04DA4B632214C;
			remoteInfo = OSX_Screen;
		};
		6E46A54141EF461CA7312063 /* PBXContainerItemProxy */ = {
			isa = PBXContainerItemProxy;
			containerPortal = FC36A5158615485D9C71A439 /* Project object */;
			proxyType = 1;
			remoteGlobalIDString = 4B89BCB982A04DA4B632214C;
			remoteInfo = OSX_Screen;
		};
		7D8C34DAB88A4C5DBDD95704 /* PBXContainerItemProxy */ = {
			isa = PBXContainerItemProxy;
			containerPortal = FC36A5158615485D9C71A439 /* Project object */;
			proxyType = 1;
			remoteGlobalIDString = 2805126CCC8B46808D1CC564;
			remoteInfo = ZERO_CHECK;
		};
		E628E7F08699419A91FCD884 /* PBXContainerItemProxy */ = {
			isa = PBXContainerItemProxy;
			containerPortal = FC36A5158615485D9C71A439 /* Project object */;
			proxyType = 1;
			remoteGlobalIDString = 7741300265A54835BB35BEAF;
			remoteInfo = screenHelperTest;
		};
		EEB74988D79D42279CDECAC3 /* PBXContainerItemProxy */ = {
			isa = PBXContainerItemProxy;
			containerPortal = FC36A5158615485D9C71A439 /* Project object */;
			proxyType = 1;
			remoteGlobalIDString = 2805126CCC8B46808D1CC564;
			remoteInfo = ZERO_CHECK;
		};
		F4E885BB8E8648319F9E0E4D /* PBXContainerItemProxy */ = {
			isa = PBXContainerItemProxy;
			containerPortal = FC36A5158615485D9C71A439 /* Project object */;
			proxyType = 1;
			remoteGlobalIDString = 2805126CCC8B46808D1CC564;
			remoteInfo = ZERO_CHECK;
		};
/* End PBXContainerItemProxy section */

/* Begin PBXFileReference section */
		04D9B765EB7540999EB4453F /* /Users/dmitdavydov/CLionProjects/HelperLib/OSX_Screen/ScreenHelper.h */ = {isa = PBXFileReference; explicitFileType = sourcecode.c.h; fileEncoding = 4; name = ScreenHelper.h; path = OSX_Screen/ScreenHelper.h; sourceTree = SOURCE_ROOT; };
		206FB2C8A62F4080B886A8D6 /* OSX_Screen */ = {isa = PBXFileReference; explicitFileType = archive.ar; path = libOSX_Screen.a; sourceTree = BUILT_PRODUCTS_DIR; };
		231E2802BF474760A1C0CFCD /* /Users/dmitdavydov/CLionProjects/HelperLib/OSX_Screen/ScreenHelper.cpp */ = {isa = PBXFileReference; explicitFileType = sourcecode.cpp.cpp; fileEncoding = 4; name = ScreenHelper.cpp; path = OSX_Screen/ScreenHelper.cpp; sourceTree = SOURCE_ROOT; };
		314BF52E1A3D441A8313071C /* /Users/dmitdavydov/CLionProjects/HelperLib/OSX_Screen/ScreenHelper.h */ = {isa = PBXFileReference; explicitFileType = sourcecode.c.h; fileEncoding = 4; name = ScreenHelper.h; path = OSX_Screen/ScreenHelper.h; sourceTree = SOURCE_ROOT; };
		3B3326652B3448CE8ED6751B /* /Users/dmitdavydov/CLionProjects/HelperLib/CMakeLists.txt */ = {isa = PBXFileReference; explicitFileType = sourcecode.text; fileEncoding = 4; name = CMakeLists.txt; path = CMakeLists.txt; sourceTree = SOURCE_ROOT; };
		719216B76F174AD3BD3FAAE6 /* /Users/dmitdavydov/CLionProjects/HelperLib/CMakeLists.txt */ = {isa = PBXFileReference; explicitFileType = sourcecode.text; fileEncoding = 4; name = CMakeLists.txt; path = CMakeLists.txt; sourceTree = SOURCE_ROOT; };
		933034D0431747C7AE012E5A /* screenHelperTest */ = {isa = PBXFileReference; explicitFileType = "compiled.mach-o.executable"; path = screenHelperTest; sourceTree = BUILT_PRODUCTS_DIR; };
		98EF00FDCC2F4742B34B48A3 /* /Users/dmitdavydov/CLionProjects/HelperLib/main.cpp */ = {isa = PBXFileReference; explicitFileType = sourcecode.cpp.cpp; fileEncoding = 4; name = main.cpp; path = main.cpp; sourceTree = SOURCE_ROOT; };
		A15D5E872FD84921B3306FA1 /* /Users/dmitdavydov/CLionProjects/HelperLib/OSX_Screen/CMakeLists.txt */ = {isa = PBXFileReference; explicitFileType = sourcecode.text; fileEncoding = 4; name = CMakeLists.txt; path = OSX_Screen/CMakeLists.txt; sourceTree = SOURCE_ROOT; };
/* End PBXFileReference section */

/* Begin PBXFrameworksBuildPhase section */
		3C4318703725467FA168CAC7 /* Frameworks */ = {
			isa = PBXFrameworksBuildPhase;
			buildActionMask = 2147483647;
			files = (
			);
			runOnlyForDeploymentPostprocessing = 0;
		};
		4D55870AE6E24C7DBC101830 /* Frameworks */ = {
			isa = PBXFrameworksBuildPhase;
			buildActionMask = 2147483647;
			files = (
			);
			runOnlyForDeploymentPostprocessing = 0;
		};
/* End PBXFrameworksBuildPhase section */

/* Begin PBXGroup section */
		093BD6E6F000487583F0FE01 /* Source Files */ = {
			isa = PBXGroup;
			children = (
				231E2802BF474760A1C0CFCD /* /Users/dmitdavydov/CLionProjects/HelperLib/OSX_Screen/ScreenHelper.cpp */,
			);
			name = "Source Files";
			sourceTree = "<group>";
		};
		1CCC6776169B421F96702C7B /* Source Files */ = {
			isa = PBXGroup;
			children = (
				98EF00FDCC2F4742B34B48A3 /* /Users/dmitdavydov/CLionProjects/HelperLib/main.cpp */,
			);
			name = "Source Files";
			sourceTree = "<group>";
		};
		2B6FD4B1775648948352521D /* screenHelperTest */ = {
			isa = PBXGroup;
			children = (
				1CCC6776169B421F96702C7B /* Source Files */,
				53D84E142BB94806ADE6BDF5 /* Header Files */,
				3B3326652B3448CE8ED6751B /* /Users/dmitdavydov/CLionProjects/HelperLib/CMakeLists.txt */,
			);
			name = screenHelperTest;
			sourceTree = "<group>";
		};
		4ADF572011C64EBC92FE7E49 /* Products */ = {
			isa = PBXGroup;
			children = (
				206FB2C8A62F4080B886A8D6 /* OSX_Screen */,
				933034D0431747C7AE012E5A /* screenHelperTest */,
			);
			name = Products;
			sourceTree = "<group>";
		};
		53D84E142BB94806ADE6BDF5 /* Header Files */ = {
			isa = PBXGroup;
			children = (
				314BF52E1A3D441A8313071C /* /Users/dmitdavydov/CLionProjects/HelperLib/OSX_Screen/ScreenHelper.h */,
			);
			name = "Header Files";
			sourceTree = "<group>";
		};
		8F0167C2E7C74EC8880A66C8 /* Header Files */ = {
			isa = PBXGroup;
			children = (
				04D9B765EB7540999EB4453F /* /Users/dmitdavydov/CLionProjects/HelperLib/OSX_Screen/ScreenHelper.h */,
			);
			name = "Header Files";
			sourceTree = "<group>";
		};
		91212F5C5DDC43A195FF8FA9 /* ALL_BUILD */ = {
			isa = PBXGroup;
			children = (
				997DBFB35DBB41B8A53A5C17 /* CMake Rules */,
				719216B76F174AD3BD3FAAE6 /* /Users/dmitdavydov/CLionProjects/HelperLib/CMakeLists.txt */,
			);
			name = ALL_BUILD;
			sourceTree = "<group>";
		};
		997DBFB35DBB41B8A53A5C17 /* CMake Rules */ = {
			isa = PBXGroup;
			children = (
			);
			name = "CMake Rules";
			sourceTree = "<group>";
		};
		D131161E295E41268794A402 = {
			isa = PBXGroup;
			children = (
				2B6FD4B1775648948352521D /* screenHelperTest */,
				91212F5C5DDC43A195FF8FA9 /* ALL_BUILD */,
				F215A092E2B74CE4B5708E57 /* OSX_Screen */,
				4ADF572011C64EBC92FE7E49 /* Products */,
				D75E1F88B1924297BABB46DF /* Frameworks */,
			);
			sourceTree = "<group>";
		};
		D75E1F88B1924297BABB46DF /* Frameworks */ = {
			isa = PBXGroup;
			children = (
			);
			name = Frameworks;
			sourceTree = "<group>";
		};
		F215A092E2B74CE4B5708E57 /* OSX_Screen */ = {
			isa = PBXGroup;
			children = (
				093BD6E6F000487583F0FE01 /* Source Files */,
				8F0167C2E7C74EC8880A66C8 /* Header Files */,
				A15D5E872FD84921B3306FA1 /* /Users/dmitdavydov/CLionProjects/HelperLib/OSX_Screen/CMakeLists.txt */,
			);
			name = OSX_Screen;
			sourceTree = "<group>";
		};
/* End PBXGroup section */

/* Begin PBXNativeTarget section */
		4B89BCB982A04DA4B632214C /* OSX_Screen */ = {
			isa = PBXNativeTarget;
			buildConfigurationList = 78017494C10E43F69DE24C65 /* Build configuration list for PBXNativeTarget "OSX_Screen" */;
			buildPhases = (
				F3A01EF0E56B407B89FA2224 /* Sources */,
				4D55870AE6E24C7DBC101830 /* Frameworks */,
			);
			buildRules = (
			);
			dependencies = (
				70E732C6A5CC4D8995BF3001 /* PBXTargetDependency */,
			);
			name = OSX_Screen;
			productName = OSX_Screen;
			productReference = 206FB2C8A62F4080B886A8D6 /* OSX_Screen */;
			productType = "com.apple.product-type.library.static";
		};
		7741300265A54835BB35BEAF /* screenHelperTest */ = {
			isa = PBXNativeTarget;
			buildConfigurationList = 3C306DC1199F40ACBDCCBEA4 /* Build configuration list for PBXNativeTarget "screenHelperTest" */;
			buildPhases = (
				428C7C7B433C45BE86535D70 /* Sources */,
				3C4318703725467FA168CAC7 /* Frameworks */,
			);
			buildRules = (
			);
			dependencies = (
				DC4EC2E958FF4437B6974D69 /* PBXTargetDependency */,
				FFDB2A4438A041A9AEC191F4 /* PBXTargetDependency */,
			);
			name = screenHelperTest;
			productName = screenHelperTest;
			productReference = 933034D0431747C7AE012E5A /* screenHelperTest */;
			productType = "com.apple.product-type.tool";
		};
/* End PBXNativeTarget section */

/* Begin PBXProject section */
		FC36A5158615485D9C71A439 /* Project object */ = {
			isa = PBXProject;
			attributes = {
				BuildIndependentTargetsInParallel = YES;
				LastUpgradeCheck = 1410;
			};
			buildConfigurationList = C92F3DC60CB34499BCEB2BE6 /* Build configuration list for PBXProject "ScreenHelper" */;
			buildSettings = {
			};
			buildStyles = (
				95DF44A4D2DA46B6AB966E47 /* Debug */,
				59580C667A7B46E9995BC25F /* Release */,
				907A6D3D49794C07BCC34EF0 /* MinSizeRel */,
				E0CB94BFF3FD460CBEA09B95 /* RelWithDebInfo */,
			);
			compatibilityVersion = "Xcode 3.2";
			hasScannedForEncodings = 0;
			mainGroup = D131161E295E41268794A402;
			projectDirPath = .;
			projectRoot = "";
			targets = (
				5681BC24F2C244E988C4C6B5 /* ALL_BUILD */,
				4B89BCB982A04DA4B632214C /* OSX_Screen */,
				2805126CCC8B46808D1CC564 /* ZERO_CHECK */,
				7741300265A54835BB35BEAF /* screenHelperTest */,
			);
		};
/* End PBXProject section */

/* Begin PBXShellScriptBuildPhase section */
		3C0110FC8322DE7E50886E21 = {
			isa = PBXShellScriptBuildPhase;
			buildActionMask = 2147483647;
			files = (
			);
			inputPaths = (
			);
			outputPaths = (
			);
			runOnlyForDeploymentPostprocessing = 0;
			shellPath = /bin/sh;
			shellScript = "# shell script goes here
exit 0";
			showEnvVarsInLog = 0;
		};
		9B50530E35CC49C82C2FACCF = {
			isa = PBXShellScriptBuildPhase;
			buildActionMask = 2147483647;
			files = (
			);
			inputPaths = (
			);
			outputPaths = (
			);
			runOnlyForDeploymentPostprocessing = 0;
			shellPath = /bin/sh;
			shellScript = "# shell script goes here
exit 0";
			showEnvVarsInLog = 0;
		};
		D6E876B47AE5A0D8BB1E6199 /* Generate CMakeFiles/ALL_BUILD */ = {
			isa = PBXShellScriptBuildPhase;
			alwaysOutOfDate = 1;
			buildActionMask = 2147483647;
			files = (
			);
			inputPaths = (
			);
			name = "Generate CMakeFiles/ALL_BUILD";
			outputPaths = (
/Users/dmitdavydov/CLionProjects/HelperLib/CMakeFiles/ALL_BUILD			);
			runOnlyForDeploymentPostprocessing = 0;
			shellPath = /bin/sh;
			shellScript = "set -e
if test \"$CONFIGURATION\" = \"Debug\"; then :
  cd /Users/dmitdavydov/CLionProjects/HelperLib
  echo Build\\ all\\ projects
fi
if test \"$CONFIGURATION\" = \"Release\"; then :
  cd /Users/dmitdavydov/CLionProjects/HelperLib
  echo Build\\ all\\ projects
fi
if test \"$CONFIGURATION\" = \"MinSizeRel\"; then :
  cd /Users/dmitdavydov/CLionProjects/HelperLib
  echo Build\\ all\\ projects
fi
if test \"$CONFIGURATION\" = \"RelWithDebInfo\"; then :
  cd /Users/dmitdavydov/CLionProjects/HelperLib
  echo Build\\ all\\ projects
fi
";
			showEnvVarsInLog = 0;
		};
		E8DDD0B3D45A33977C6CC1BE /* Generate CMakeFiles/ZERO_CHECK */ = {
			isa = PBXShellScriptBuildPhase;
			alwaysOutOfDate = 1;
			buildActionMask = 2147483647;
			files = (
			);
			inputPaths = (
			);
			name = "Generate CMakeFiles/ZERO_CHECK";
			outputPaths = (
/Users/dmitdavydov/CLionProjects/HelperLib/CMakeFiles/ZERO_CHECK			);
			runOnlyForDeploymentPostprocessing = 0;
			shellPath = /bin/sh;
			shellScript = "set -e
if test \"$CONFIGURATION\" = \"Debug\"; then :
  cd /Users/dmitdavydov/CLionProjects/HelperLib
  make -f /Users/dmitdavydov/CLionProjects/HelperLib/CMakeScripts/ReRunCMake.make
fi
if test \"$CONFIGURATION\" = \"Release\"; then :
  cd /Users/dmitdavydov/CLionProjects/HelperLib
  make -f /Users/dmitdavydov/CLionProjects/HelperLib/CMakeScripts/ReRunCMake.make
fi
if test \"$CONFIGURATION\" = \"MinSizeRel\"; then :
  cd /Users/dmitdavydov/CLionProjects/HelperLib
  make -f /Users/dmitdavydov/CLionProjects/HelperLib/CMakeScripts/ReRunCMake.make
fi
if test \"$CONFIGURATION\" = \"RelWithDebInfo\"; then :
  cd /Users/dmitdavydov/CLionProjects/HelperLib
  make -f /Users/dmitdavydov/CLionProjects/HelperLib/CMakeScripts/ReRunCMake.make
fi
";
			showEnvVarsInLog = 0;
		};
/* End PBXShellScriptBuildPhase section */

/* Begin PBXSourcesBuildPhase section */
		428C7C7B433C45BE86535D70 /* Sources */ = {
			isa = PBXSourcesBuildPhase;
			buildActionMask = 2147483647;
			files = (
				339B516B850447CFA7177650 /* /Users/dmitdavydov/CLionProjects/HelperLib/main.cpp */,
			);
			runOnlyForDeploymentPostprocessing = 0;
		};
		F3A01EF0E56B407B89FA2224 /* Sources */ = {
			isa = PBXSourcesBuildPhase;
			buildActionMask = 2147483647;
			files = (
				EDD687D370774E26961B8D6C /* /Users/dmitdavydov/CLionProjects/HelperLib/OSX_Screen/ScreenHelper.cpp */,
			);
			runOnlyForDeploymentPostprocessing = 0;
		};
/* End PBXSourcesBuildPhase section */

/* Begin PBXTargetDependency section */
		099E39159502478F93950EF9 /* PBXTargetDependency */ = {
			isa = PBXTargetDependency;
			target = 4B89BCB982A04DA4B632214C /* OSX_Screen */;
			targetProxy = 275D245BC5AC483399B119F2 /* PBXContainerItemProxy */;
		};
		183F7719F8CE47B28410E578 /* PBXTargetDependency */ = {
			isa = PBXTargetDependency;
			target = 2805126CCC8B46808D1CC564 /* ZERO_CHECK */;
			targetProxy = EEB74988D79D42279CDECAC3 /* PBXContainerItemProxy */;
		};
		70E732C6A5CC4D8995BF3001 /* PBXTargetDependency */ = {
			isa = PBXTargetDependency;
			target = 2805126CCC8B46808D1CC564 /* ZERO_CHECK */;
			targetProxy = F4E885BB8E8648319F9E0E4D /* PBXContainerItemProxy */;
		};
		DC4EC2E958FF4437B6974D69 /* PBXTargetDependency */ = {
			isa = PBXTargetDependency;
			target = 4B89BCB982A04DA4B632214C /* OSX_Screen */;
			targetProxy = 6E46A54141EF461CA7312063 /* PBXContainerItemProxy */;
		};
		DEDF551AA27A41E29D6789B6 /* PBXTargetDependency */ = {
			isa = PBXTargetDependency;
			target = 7741300265A54835BB35BEAF /* screenHelperTest */;
			targetProxy = E628E7F08699419A91FCD884 /* PBXContainerItemProxy */;
		};
		FFDB2A4438A041A9AEC191F4 /* PBXTargetDependency */ = {
			isa = PBXTargetDependency;
			target = 2805126CCC8B46808D1CC564 /* ZERO_CHECK */;
			targetProxy = 7D8C34DAB88A4C5DBDD95704 /* PBXContainerItemProxy */;
		};
/* End PBXTargetDependency section */

/* Begin XCBuildConfiguration section */
		01BC8B8F55B44BC7B2D1505B /* MinSizeRel */ = {
			isa = XCBuildConfiguration;
			buildSettings = {
				ARCHS = arm64;
				MACOSX_DEPLOYMENT_TARGET = 12.6;
				SDKROOT = /Applications/Xcode.app/Contents/Developer/Platforms/MacOSX.platform/Developer/SDKs/MacOSX13.0.sdk;
				SYMROOT = /Users/dmitdavydov/CLionProjects/HelperLib/build;
			};
			name = MinSizeRel;
		};
		01E65CF1B8174F169AB1E849 /* Release */ = {
			isa = XCBuildConfiguration;
			buildSettings = {
				ARCHS = arm64;
				COMBINE_HIDPI_IMAGES = YES;
				CONFIGURATION_BUILD_DIR = /Users/dmitdavydov/CLionProjects/HelperLib/lib/Release;
				EXECUTABLE_PREFIX = lib;
				EXECUTABLE_SUFFIX = .a;
				GCC_GENERATE_DEBUGGING_SYMBOLS = NO;
				GCC_INLINES_ARE_PRIVATE_EXTERN = NO;
				GCC_OPTIMIZATION_LEVEL = 3;
				GCC_PREPROCESSOR_DEFINITIONS = ("'CMAKE_INTDIR=\"$(CONFIGURATION)$(EFFECTIVE_PLATFORM_NAME)\"'","$(inherited)");
				GCC_SYMBOLS_PRIVATE_EXTERN = NO;
				HEADER_SEARCH_PATHS = (/Users/dmitdavydov/CLionProjects/HelperLib/OSX_Screen,"$(inherited)");
				INSTALL_PATH = "";
				LIBRARY_STYLE = STATIC;
				ONLY_ACTIVE_ARCH = NO;
				OTHER_CPLUSPLUSFLAGS = "    -DNDEBUG '-std=gnu++20' ";
				OTHER_LIBTOOLFLAGS = ("");
				OTHER_REZFLAGS = "";
				PRODUCT_NAME = OSX_Screen;
				SECTORDER_FLAGS = "";
				TARGET_TEMP_DIR = "/Users/dmitdavydov/CLionProjects/HelperLib/build/OSX_Screen.build/$(CONFIGURATION)$(EFFECTIVE_PLATFORM_NAME)";
				USE_HEADERMAP = NO;
				WARNING_CFLAGS = ("$(inherited)");
			};
			name = Release;
		};
		0683D1BD42E6429F891DD391 /* Release */ = {
			isa = XCBuildConfiguration;
			buildSettings = {
				ARCHS = arm64;
				COMBINE_HIDPI_IMAGES = YES;
				GCC_GENERATE_DEBUGGING_SYMBOLS = YES;
				GCC_INLINES_ARE_PRIVATE_EXTERN = NO;
				GCC_OPTIMIZATION_LEVEL = 0;
				GCC_PREPROCESSOR_DEFINITIONS = ("'CMAKE_INTDIR=\"$(CONFIGURATION)$(EFFECTIVE_PLATFORM_NAME)\"'","$(inherited)");
				GCC_SYMBOLS_PRIVATE_EXTERN = NO;
				INSTALL_PATH = "";
				ONLY_ACTIVE_ARCH = NO;
				OTHER_LDFLAGS = ("","$(inherited)");
				OTHER_REZFLAGS = "";
				PRODUCT_NAME = ZERO_CHECK;
				SECTORDER_FLAGS = "";
				USE_HEADERMAP = NO;
				WARNING_CFLAGS = ("$(inherited)");
			};
			name = Release;
		};
		10E4A7F9FF5C4C3AACE4ECC9 /* Debug */ = {
			isa = XCBuildConfiguration;
			buildSettings = {
				ARCHS = arm64;
				COMBINE_HIDPI_IMAGES = YES;
				GCC_GENERATE_DEBUGGING_SYMBOLS = YES;
				GCC_INLINES_ARE_PRIVATE_EXTERN = NO;
				GCC_OPTIMIZATION_LEVEL = 0;
				GCC_PREPROCESSOR_DEFINITIONS = ("'CMAKE_INTDIR=\"$(CONFIGURATION)$(EFFECTIVE_PLATFORM_NAME)\"'","$(inherited)");
				GCC_SYMBOLS_PRIVATE_EXTERN = NO;
				INSTALL_PATH = "";
				ONLY_ACTIVE_ARCH = NO;
				OTHER_LDFLAGS = ("","$(inherited)");
				OTHER_REZFLAGS = "";
				PRODUCT_NAME = ALL_BUILD;
				SECTORDER_FLAGS = "";
				USE_HEADERMAP = NO;
				WARNING_CFLAGS = ("$(inherited)");
			};
			name = Debug;
		};
		21171632CB1542E5B43E5E34 /* Release */ = {
			isa = XCBuildConfiguration;
			buildSettings = {
				ARCHS = arm64;
				MACOSX_DEPLOYMENT_TARGET = 12.6;
				SDKROOT = /Applications/Xcode.app/Contents/Developer/Platforms/MacOSX.platform/Developer/SDKs/MacOSX13.0.sdk;
				SYMROOT = /Users/dmitdavydov/CLionProjects/HelperLib/build;
			};
			name = Release;
		};
		2913FB3B70B64266BCD7BB3B /* Release */ = {
			isa = XCBuildConfiguration;
			buildSettings = {
				ARCHS = arm64;
				COMBINE_HIDPI_IMAGES = YES;
				GCC_GENERATE_DEBUGGING_SYMBOLS = YES;
				GCC_INLINES_ARE_PRIVATE_EXTERN = NO;
				GCC_OPTIMIZATION_LEVEL = 0;
				GCC_PREPROCESSOR_DEFINITIONS = ("'CMAKE_INTDIR=\"$(CONFIGURATION)$(EFFECTIVE_PLATFORM_NAME)\"'","$(inherited)");
				GCC_SYMBOLS_PRIVATE_EXTERN = NO;
				INSTALL_PATH = "";
				ONLY_ACTIVE_ARCH = NO;
				OTHER_LDFLAGS = ("","$(inherited)");
				OTHER_REZFLAGS = "";
				PRODUCT_NAME = ALL_BUILD;
				SECTORDER_FLAGS = "";
				USE_HEADERMAP = NO;
				WARNING_CFLAGS = ("$(inherited)");
			};
			name = Release;
		};
		47A25E07A7E446FE98069BA0 /* Debug */ = {
			isa = XCBuildConfiguration;
			buildSettings = {
				ARCHS = arm64;
				COMBINE_HIDPI_IMAGES = YES;
				GCC_GENERATE_DEBUGGING_SYMBOLS = YES;
				GCC_INLINES_ARE_PRIVATE_EXTERN = NO;
				GCC_OPTIMIZATION_LEVEL = 0;
				GCC_PREPROCESSOR_DEFINITIONS = ("'CMAKE_INTDIR=\"$(CONFIGURATION)$(EFFECTIVE_PLATFORM_NAME)\"'","$(inherited)");
				GCC_SYMBOLS_PRIVATE_EXTERN = NO;
				INSTALL_PATH = "";
				ONLY_ACTIVE_ARCH = NO;
				OTHER_LDFLAGS = ("","$(inherited)");
				OTHER_REZFLAGS = "";
				PRODUCT_NAME = ZERO_CHECK;
				SECTORDER_FLAGS = "";
				USE_HEADERMAP = NO;
				WARNING_CFLAGS = ("$(inherited)");
			};
			name = Debug;
		};
		5CD91B795E7B4036856DB827 /* RelWithDebInfo */ = {
			isa = XCBuildConfiguration;
			buildSettings = {
				ARCHS = arm64;
				COMBINE_HIDPI_IMAGES = YES;
				CONFIGURATION_BUILD_DIR = /Users/dmitdavydov/CLionProjects/HelperLib/bin/RelWithDebInfo;
				EXECUTABLE_PREFIX = "";
				EXECUTABLE_SUFFIX = "";
				GCC_GENERATE_DEBUGGING_SYMBOLS = YES;
				GCC_INLINES_ARE_PRIVATE_EXTERN = NO;
				GCC_OPTIMIZATION_LEVEL = 2;
				GCC_PREPROCESSOR_DEFINITIONS = ("'CMAKE_INTDIR=\"$(CONFIGURATION)$(EFFECTIVE_PLATFORM_NAME)\"'","$(inherited)");
				GCC_SYMBOLS_PRIVATE_EXTERN = NO;
				HEADER_SEARCH_PATHS = (/Users/dmitdavydov/CLionProjects/HelperLib/OSX_Screen,"$(inherited)");
				INSTALL_PATH = "";
				ONLY_ACTIVE_ARCH = NO;
				OTHER_CPLUSPLUSFLAGS = "       -DNDEBUG '-std=gnu++20' ";
				OTHER_LDFLAGS = (" -Wl,-search_paths_first -Wl,-headerpad_max_install_names","-framework CoreGraphics","-framework Foundation",/Users/dmitdavydov/CLionProjects/HelperLib/lib/RelWithDebInfo/libOSX_Screen.a,"$(inherited)");
				OTHER_REZFLAGS = "";
				PRODUCT_NAME = screenHelperTest;
				SECTORDER_FLAGS = "";
				TARGET_TEMP_DIR = "/Users/dmitdavydov/CLionProjects/HelperLib/build/screenHelperTest.build/$(CONFIGURATION)$(EFFECTIVE_PLATFORM_NAME)";
				USE_HEADERMAP = NO;
				WARNING_CFLAGS = ("$(inherited)");
			};
			name = RelWithDebInfo;
		};
		5F0E3C3D654541A393721E46 /* MinSizeRel */ = {
			isa = XCBuildConfiguration;
			buildSettings = {
				ARCHS = arm64;
				COMBINE_HIDPI_IMAGES = YES;
				GCC_GENERATE_DEBUGGING_SYMBOLS = YES;
				GCC_INLINES_ARE_PRIVATE_EXTERN = NO;
				GCC_OPTIMIZATION_LEVEL = 0;
				GCC_PREPROCESSOR_DEFINITIONS = ("'CMAKE_INTDIR=\"$(CONFIGURATION)$(EFFECTIVE_PLATFORM_NAME)\"'","$(inherited)");
				GCC_SYMBOLS_PRIVATE_EXTERN = NO;
				INSTALL_PATH = "";
				ONLY_ACTIVE_ARCH = NO;
				OTHER_LDFLAGS = ("","$(inherited)");
				OTHER_REZFLAGS = "";
				PRODUCT_NAME = ZERO_CHECK;
				SECTORDER_FLAGS = "";
				USE_HEADERMAP = NO;
				WARNING_CFLAGS = ("$(inherited)");
			};
			name = MinSizeRel;
		};
		622482F234764C7C897249BB /* RelWithDebInfo */ = {
			isa = XCBuildConfiguration;
			buildSettings = {
				ARCHS = arm64;
				COMBINE_HIDPI_IMAGES = YES;
				GCC_GENERATE_DEBUGGING_SYMBOLS = YES;
				GCC_INLINES_ARE_PRIVATE_EXTERN = NO;
				GCC_OPTIMIZATION_LEVEL = 0;
				GCC_PREPROCESSOR_DEFINITIONS = ("'CMAKE_INTDIR=\"$(CONFIGURATION)$(EFFECTIVE_PLATFORM_NAME)\"'","$(inherited)");
				GCC_SYMBOLS_PRIVATE_EXTERN = NO;
				INSTALL_PATH = "";
				ONLY_ACTIVE_ARCH = NO;
				OTHER_LDFLAGS = ("","$(inherited)");
				OTHER_REZFLAGS = "";
				PRODUCT_NAME = ZERO_CHECK;
				SECTORDER_FLAGS = "";
				USE_HEADERMAP = NO;
				WARNING_CFLAGS = ("$(inherited)");
			};
			name = RelWithDebInfo;
		};
		6F5D81598ADE4227BF84B949 /* Debug */ = {
			isa = XCBuildConfiguration;
			buildSettings = {
				ARCHS = arm64;
				COMBINE_HIDPI_IMAGES = YES;
				CONFIGURATION_BUILD_DIR = /Users/dmitdavydov/CLionProjects/HelperLib/lib/Debug;
				EXECUTABLE_PREFIX = lib;
				EXECUTABLE_SUFFIX = .a;
				GCC_GENERATE_DEBUGGING_SYMBOLS = YES;
				GCC_INLINES_ARE_PRIVATE_EXTERN = NO;
				GCC_OPTIMIZATION_LEVEL = 0;
				GCC_PREPROCESSOR_DEFINITIONS = ("'CMAKE_INTDIR=\"$(CONFIGURATION)$(EFFECTIVE_PLATFORM_NAME)\"'","$(inherited)");
				GCC_SYMBOLS_PRIVATE_EXTERN = NO;
				HEADER_SEARCH_PATHS = (/Users/dmitdavydov/CLionProjects/HelperLib/OSX_Screen,"$(inherited)");
				INSTALL_PATH = "";
				LIBRARY_STYLE = STATIC;
				ONLY_ACTIVE_ARCH = NO;
				OTHER_CPLUSPLUSFLAGS = "   '-std=gnu++20' ";
				OTHER_LIBTOOLFLAGS = ("");
				OTHER_REZFLAGS = "";
				PRODUCT_NAME = OSX_Screen;
				SECTORDER_FLAGS = "";
				TARGET_TEMP_DIR = "/Users/dmitdavydov/CLionProjects/HelperLib/build/OSX_Screen.build/$(CONFIGURATION)$(EFFECTIVE_PLATFORM_NAME)";
				USE_HEADERMAP = NO;
				WARNING_CFLAGS = ("$(inherited)");
			};
			name = Debug;
		};
		70317F4B85E544E6AFF789B8 /* MinSizeRel */ = {
			isa = XCBuildConfiguration;
			buildSettings = {
				ARCHS = arm64;
				COMBINE_HIDPI_IMAGES = YES;
				GCC_GENERATE_DEBUGGING_SYMBOLS = YES;
				GCC_INLINES_ARE_PRIVATE_EXTERN = NO;
				GCC_OPTIMIZATION_LEVEL = 0;
				GCC_PREPROCESSOR_DEFINITIONS = ("'CMAKE_INTDIR=\"$(CONFIGURATION)$(EFFECTIVE_PLATFORM_NAME)\"'","$(inherited)");
				GCC_SYMBOLS_PRIVATE_EXTERN = NO;
				INSTALL_PATH = "";
				ONLY_ACTIVE_ARCH = NO;
				OTHER_LDFLAGS = ("","$(inherited)");
				OTHER_REZFLAGS = "";
				PRODUCT_NAME = ALL_BUILD;
				SECTORDER_FLAGS = "";
				USE_HEADERMAP = NO;
				WARNING_CFLAGS = ("$(inherited)");
			};
			name = MinSizeRel;
		};
		726C681FE8C94AB78C11A4F7 /* MinSizeRel */ = {
			isa = XCBuildConfiguration;
			buildSettings = {
				ARCHS = arm64;
				COMBINE_HIDPI_IMAGES = YES;
				CONFIGURATION_BUILD_DIR = /Users/dmitdavydov/CLionProjects/HelperLib/lib/MinSizeRel;
				EXECUTABLE_PREFIX = lib;
				EXECUTABLE_SUFFIX = .a;
				GCC_GENERATE_DEBUGGING_SYMBOLS = NO;
				GCC_INLINES_ARE_PRIVATE_EXTERN = NO;
				GCC_OPTIMIZATION_LEVEL = s;
				GCC_PREPROCESSOR_DEFINITIONS = ("'CMAKE_INTDIR=\"$(CONFIGURATION)$(EFFECTIVE_PLATFORM_NAME)\"'","$(inherited)");
				GCC_SYMBOLS_PRIVATE_EXTERN = NO;
				HEADER_SEARCH_PATHS = (/Users/dmitdavydov/CLionProjects/HelperLib/OSX_Screen,"$(inherited)");
				INSTALL_PATH = "";
				LIBRARY_STYLE = STATIC;
				ONLY_ACTIVE_ARCH = NO;
				OTHER_CPLUSPLUSFLAGS = "    -DNDEBUG '-std=gnu++20' ";
				OTHER_LIBTOOLFLAGS = ("");
				OTHER_REZFLAGS = "";
				PRODUCT_NAME = OSX_Screen;
				SECTORDER_FLAGS = "";
				TARGET_TEMP_DIR = "/Users/dmitdavydov/CLionProjects/HelperLib/build/OSX_Screen.build/$(CONFIGURATION)$(EFFECTIVE_PLATFORM_NAME)";
				USE_HEADERMAP = NO;
				WARNING_CFLAGS = ("$(inherited)");
			};
			name = MinSizeRel;
		};
		809F823E28C5409087010FDE /* Debug */ = {
			isa = XCBuildConfiguration;
			buildSettings = {
				ARCHS = arm64;
				MACOSX_DEPLOYMENT_TARGET = 12.6;
				SDKROOT = /Applications/Xcode.app/Contents/Developer/Platforms/MacOSX.platform/Developer/SDKs/MacOSX13.0.sdk;
				SYMROOT = /Users/dmitdavydov/CLionProjects/HelperLib/build;
			};
			name = Debug;
		};
		8F3039819B7B4E678C219632 /* RelWithDebInfo */ = {
			isa = XCBuildConfiguration;
			buildSettings = {
				ARCHS = arm64;
				COMBINE_HIDPI_IMAGES = YES;
				CONFIGURATION_BUILD_DIR = /Users/dmitdavydov/CLionProjects/HelperLib/lib/RelWithDebInfo;
				EXECUTABLE_PREFIX = lib;
				EXECUTABLE_SUFFIX = .a;
				GCC_GENERATE_DEBUGGING_SYMBOLS = YES;
				GCC_INLINES_ARE_PRIVATE_EXTERN = NO;
				GCC_OPTIMIZATION_LEVEL = 2;
				GCC_PREPROCESSOR_DEFINITIONS = ("'CMAKE_INTDIR=\"$(CONFIGURATION)$(EFFECTIVE_PLATFORM_NAME)\"'","$(inherited)");
				GCC_SYMBOLS_PRIVATE_EXTERN = NO;
				HEADER_SEARCH_PATHS = (/Users/dmitdavydov/CLionProjects/HelperLib/OSX_Screen,"$(inherited)");
				INSTALL_PATH = "";
				LIBRARY_STYLE = STATIC;
				ONLY_ACTIVE_ARCH = NO;
				OTHER_CPLUSPLUSFLAGS = "       -DNDEBUG '-std=gnu++20' ";
				OTHER_LIBTOOLFLAGS = ("");
				OTHER_REZFLAGS = "";
				PRODUCT_NAME = OSX_Screen;
				SECTORDER_FLAGS = "";
				TARGET_TEMP_DIR = "/Users/dmitdavydov/CLionProjects/HelperLib/build/OSX_Screen.build/$(CONFIGURATION)$(EFFECTIVE_PLATFORM_NAME)";
				USE_HEADERMAP = NO;
				WARNING_CFLAGS = ("$(inherited)");
			};
			name = RelWithDebInfo;
		};
		9895316723B3437488D1BE4F /* Release */ = {
			isa = XCBuildConfiguration;
			buildSettings = {
				ARCHS = arm64;
				COMBINE_HIDPI_IMAGES = YES;
				CONFIGURATION_BUILD_DIR = /Users/dmitdavydov/CLionProjects/HelperLib/bin/Release;
				EXECUTABLE_PREFIX = "";
				EXECUTABLE_SUFFIX = "";
				GCC_GENERATE_DEBUGGING_SYMBOLS = NO;
				GCC_INLINES_ARE_PRIVATE_EXTERN = NO;
				GCC_OPTIMIZATION_LEVEL = 3;
				GCC_PREPROCESSOR_DEFINITIONS = ("'CMAKE_INTDIR=\"$(CONFIGURATION)$(EFFECTIVE_PLATFORM_NAME)\"'","$(inherited)");
				GCC_SYMBOLS_PRIVATE_EXTERN = NO;
				HEADER_SEARCH_PATHS = (/Users/dmitdavydov/CLionProjects/HelperLib/OSX_Screen,"$(inherited)");
				INSTALL_PATH = "";
				ONLY_ACTIVE_ARCH = NO;
				OTHER_CPLUSPLUSFLAGS = "    -DNDEBUG '-std=gnu++20' ";
				OTHER_LDFLAGS = (" -Wl,-search_paths_first -Wl,-headerpad_max_install_names","-framework CoreGraphics","-framework Foundation",/Users/dmitdavydov/CLionProjects/HelperLib/lib/Release/libOSX_Screen.a,"$(inherited)");
				OTHER_REZFLAGS = "";
				PRODUCT_NAME = screenHelperTest;
				SECTORDER_FLAGS = "";
				TARGET_TEMP_DIR = "/Users/dmitdavydov/CLionProjects/HelperLib/build/screenHelperTest.build/$(CONFIGURATION)$(EFFECTIVE_PLATFORM_NAME)";
				USE_HEADERMAP = NO;
				WARNING_CFLAGS = ("$(inherited)");
			};
			name = Release;
		};
		9FB37FF6B1CC4B9F9BE2989E /* Debug */ = {
			isa = XCBuildConfiguration;
			buildSettings = {
				ARCHS = arm64;
				COMBINE_HIDPI_IMAGES = YES;
				CONFIGURATION_BUILD_DIR = /Users/dmitdavydov/CLionProjects/HelperLib/bin/Debug;
				EXECUTABLE_PREFIX = "";
				EXECUTABLE_SUFFIX = "";
				GCC_GENERATE_DEBUGGING_SYMBOLS = YES;
				GCC_INLINES_ARE_PRIVATE_EXTERN = NO;
				GCC_OPTIMIZATION_LEVEL = 0;
				GCC_PREPROCESSOR_DEFINITIONS = ("'CMAKE_INTDIR=\"$(CONFIGURATION)$(EFFECTIVE_PLATFORM_NAME)\"'","$(inherited)");
				GCC_SYMBOLS_PRIVATE_EXTERN = NO;
				HEADER_SEARCH_PATHS = (/Users/dmitdavydov/CLionProjects/HelperLib/OSX_Screen,"$(inherited)");
				INSTALL_PATH = "";
				ONLY_ACTIVE_ARCH = NO;
				OTHER_CPLUSPLUSFLAGS = "   '-std=gnu++20' ";
				OTHER_LDFLAGS = (" -Wl,-search_paths_first -Wl,-headerpad_max_install_names","-framework CoreGraphics","-framework Foundation",/Users/dmitdavydov/CLionProjects/HelperLib/lib/Debug/libOSX_Screen.a,"$(inherited)");
				OTHER_REZFLAGS = "";
				PRODUCT_NAME = screenHelperTest;
				SECTORDER_FLAGS = "";
				TARGET_TEMP_DIR = "/Users/dmitdavydov/CLionProjects/HelperLib/build/screenHelperTest.build/$(CONFIGURATION)$(EFFECTIVE_PLATFORM_NAME)";
				USE_HEADERMAP = NO;
				WARNING_CFLAGS = ("$(inherited)");
			};
			name = Debug;
		};
		B8AB8D5266EB44509A046E25 /* RelWithDebInfo */ = {
			isa = XCBuildConfiguration;
			buildSettings = {
				ARCHS = arm64;
				MACOSX_DEPLOYMENT_TARGET = 12.6;
				SDKROOT = /Applications/Xcode.app/Contents/Developer/Platforms/MacOSX.platform/Developer/SDKs/MacOSX13.0.sdk;
				SYMROOT = /Users/dmitdavydov/CLionProjects/HelperLib/build;
			};
			name = RelWithDebInfo;
		};
		BFE98987973B4BE18204CF46 /* RelWithDebInfo */ = {
			isa = XCBuildConfiguration;
			buildSettings = {
				ARCHS = arm64;
				COMBINE_HIDPI_IMAGES = YES;
				GCC_GENERATE_DEBUGGING_SYMBOLS = YES;
				GCC_INLINES_ARE_PRIVATE_EXTERN = NO;
				GCC_OPTIMIZATION_LEVEL = 0;
				GCC_PREPROCESSOR_DEFINITIONS = ("'CMAKE_INTDIR=\"$(CONFIGURATION)$(EFFECTIVE_PLATFORM_NAME)\"'","$(inherited)");
				GCC_SYMBOLS_PRIVATE_EXTERN = NO;
				INSTALL_PATH = "";
				ONLY_ACTIVE_ARCH = NO;
				OTHER_LDFLAGS = ("","$(inherited)");
				OTHER_REZFLAGS = "";
				PRODUCT_NAME = ALL_BUILD;
				SECTORDER_FLAGS = "";
				USE_HEADERMAP = NO;
				WARNING_CFLAGS = ("$(inherited)");
			};
			name = RelWithDebInfo;
		};
		C540B961936B490592378846 /* MinSizeRel */ = {
			isa = XCBuildConfiguration;
			buildSettings = {
				ARCHS = arm64;
				COMBINE_HIDPI_IMAGES = YES;
				CONFIGURATION_BUILD_DIR = /Users/dmitdavydov/CLionProjects/HelperLib/bin/MinSizeRel;
				EXECUTABLE_PREFIX = "";
				EXECUTABLE_SUFFIX = "";
				GCC_GENERATE_DEBUGGING_SYMBOLS = NO;
				GCC_INLINES_ARE_PRIVATE_EXTERN = NO;
				GCC_OPTIMIZATION_LEVEL = s;
				GCC_PREPROCESSOR_DEFINITIONS = ("'CMAKE_INTDIR=\"$(CONFIGURATION)$(EFFECTIVE_PLATFORM_NAME)\"'","$(inherited)");
				GCC_SYMBOLS_PRIVATE_EXTERN = NO;
				HEADER_SEARCH_PATHS = (/Users/dmitdavydov/CLionProjects/HelperLib/OSX_Screen,"$(inherited)");
				INSTALL_PATH = "";
				ONLY_ACTIVE_ARCH = NO;
				OTHER_CPLUSPLUSFLAGS = "    -DNDEBUG '-std=gnu++20' ";
				OTHER_LDFLAGS = (" -Wl,-search_paths_first -Wl,-headerpad_max_install_names","-framework CoreGraphics","-framework Foundation",/Users/dmitdavydov/CLionProjects/HelperLib/lib/MinSizeRel/libOSX_Screen.a,"$(inherited)");
				OTHER_REZFLAGS = "";
				PRODUCT_NAME = screenHelperTest;
				SECTORDER_FLAGS = "";
				TARGET_TEMP_DIR = "/Users/dmitdavydov/CLionProjects/HelperLib/build/screenHelperTest.build/$(CONFIGURATION)$(EFFECTIVE_PLATFORM_NAME)";
				USE_HEADERMAP = NO;
				WARNING_CFLAGS = ("$(inherited)");
			};
			name = MinSizeRel;
		};
/* End XCBuildConfiguration section */

/* Begin XCConfigurationList section */
		3C306DC1199F40ACBDCCBEA4 /* Build configuration list for PBXNativeTarget "screenHelperTest" */ = {
			isa = XCConfigurationList;
			buildConfigurations = (
				9FB37FF6B1CC4B9F9BE2989E /* Debug */,
				9895316723B3437488D1BE4F /* Release */,
				C540B961936B490592378846 /* MinSizeRel */,
				5CD91B795E7B4036856DB827 /* RelWithDebInfo */,
			);
			defaultConfigurationIsVisible = 0;
			defaultConfigurationName = Debug;
		};
		78017494C10E43F69DE24C65 /* Build configuration list for PBXNativeTarget "OSX_Screen" */ = {
			isa = XCConfigurationList;
			buildConfigurations = (
				6F5D81598ADE4227BF84B949 /* Debug */,
				01E65CF1B8174F169AB1E849 /* Release */,
				726C681FE8C94AB78C11A4F7 /* MinSizeRel */,
				8F3039819B7B4E678C219632 /* RelWithDebInfo */,
			);
			defaultConfigurationIsVisible = 0;
			defaultConfigurationName = Debug;
		};
		C92F3DC60CB34499BCEB2BE6 /* Build configuration list for PBXProject "ScreenHelper" */ = {
			isa = XCConfigurationList;
			buildConfigurations = (
				809F823E28C5409087010FDE /* Debug */,
				21171632CB1542E5B43E5E34 /* Release */,
				01BC8B8F55B44BC7B2D1505B /* MinSizeRel */,
				B8AB8D5266EB44509A046E25 /* RelWithDebInfo */,
			);
			defaultConfigurationIsVisible = 0;
			defaultConfigurationName = Debug;
		};
		E0D2766088074B5685372AC9 /* Build configuration list for PBXAggregateTarget "ZERO_CHECK" */ = {
			isa = XCConfigurationList;
			buildConfigurations = (
				47A25E07A7E446FE98069BA0 /* Debug */,
				0683D1BD42E6429F891DD391 /* Release */,
				5F0E3C3D654541A393721E46 /* MinSizeRel */,
				622482F234764C7C897249BB /* RelWithDebInfo */,
			);
			defaultConfigurationIsVisible = 0;
			defaultConfigurationName = Debug;
		};
		EC37CC5F9765441B8AE60D5A /* Build configuration list for PBXAggregateTarget "ALL_BUILD" */ = {
			isa = XCConfigurationList;
			buildConfigurations = (
				10E4A7F9FF5C4C3AACE4ECC9 /* Debug */,
				2913FB3B70B64266BCD7BB3B /* Release */,
				70317F4B85E544E6AFF789B8 /* MinSizeRel */,
				BFE98987973B4BE18204CF46 /* RelWithDebInfo */,
			);
			defaultConfigurationIsVisible = 0;
			defaultConfigurationName = Debug;
		};
/* End XCConfigurationList section */
	};
	rootObject = FC36A5158615485D9C71A439 /* Project object */;
}
