// !$*UTF8*$!
{
	archiveVersion = 1;
	classes = {
	};
	objectVersion = 46;
	objects = {

/* Begin PBXAggregateTarget section */
		2805126CCC8B46808D1CC564 /* ZERO_CHECK */ = {
			isa = PBXAggregateTarget;
			buildConfigurationList = 15271723963445B39A96DCFC /* Build configuration list for PBXAggregateTarget "ZERO_CHECK" */;
			buildPhases = (
				E8DDD0B3D45A33977C6CC1BE /* Generate CMakeFiles/ZERO_CHECK */,
			);
			dependencies = (
			);
			name = ZERO_CHECK;
			productName = ZERO_CHECK;
		};
		5681BC24F2C244E988C4C6B5 /* ALL_BUILD */ = {
			isa = PBXAggregateTarget;
			buildConfigurationList = C56A4526B2764ADB94857B42 /* Build configuration list for PBXAggregateTarget "ALL_BUILD" */;
			buildPhases = (
				D6E876B47AE5A0D8BB1E6199 /* Generate CMakeFiles/ALL_BUILD */,
			);
			dependencies = (
				3612075BF8E24056B306A571 /* PBXTargetDependency */,
				B9536227027F481C979605FF /* PBXTargetDependency */,
				A73AB44A135947F3B8A3A239 /* PBXTargetDependency */,
			);
			name = ALL_BUILD;
			productName = ALL_BUILD;
		};
/* End PBXAggregateTarget section */

/* Begin PBXBuildFile section */
		014F48E21DFB485BACE474E3 /* /Users/dmitdavydov/CLionProjects/HelperLib/OSX_Screen/ScreenHelperExternal.h */ = {isa = PBXBuildFile; fileRef = E975CDA6826342EA8B3063F9 /* /Users/dmitdavydov/CLionProjects/HelperLib/OSX_Screen/ScreenHelperExternal.h */; };
		10392EC767844201BE16BE7F /* /Users/dmitdavydov/CLionProjects/HelperLib/OSX_Screen/ScreenHelper.h */ = {isa = PBXBuildFile; fileRef = F356230883E241C884338273 /* /Users/dmitdavydov/CLionProjects/HelperLib/OSX_Screen/ScreenHelper.h */; };
		1D89AE635B1D4E53B46A9B71 /* /Users/dmitdavydov/CLionProjects/HelperLib/OSX_Screen/OpenCV.h */ = {isa = PBXBuildFile; fileRef = B51345DF41E04AF797C498E5 /* /Users/dmitdavydov/CLionProjects/HelperLib/OSX_Screen/OpenCV.h */; };
		31AA0ED6AA564E44B8D03249 /* /Users/dmitdavydov/CLionProjects/HelperLib/OSX_Screen/CMakeLists.txt */ = {isa = PBXBuildFile; fileRef = 4E9C4B789D854B13A3F70E08 /* /Users/dmitdavydov/CLionProjects/HelperLib/OSX_Screen/CMakeLists.txt */; };
		3BB03EC678124086815948D9 /* /Users/dmitdavydov/CLionProjects/HelperLib/main.cpp */ = {isa = PBXBuildFile; fileRef = F2B17E004758425BBC341638 /* /Users/dmitdavydov/CLionProjects/HelperLib/main.cpp */; };
		4FA507B3FC324254BA1E9C2F /* /Users/dmitdavydov/CLionProjects/HelperLib/OSX_Screen/ScreenHelperExternal.h */ = {isa = PBXBuildFile; fileRef = E8AC08428C1743458F9C1323 /* /Users/dmitdavydov/CLionProjects/HelperLib/OSX_Screen/ScreenHelperExternal.h */; };
		98619ED72DD74F3EB07C9103 /* /Users/dmitdavydov/CLionProjects/HelperLib/CMakeLists.txt */ = {isa = PBXBuildFile; fileRef = D31D14A9D9C24811BBA64A99 /* /Users/dmitdavydov/CLionProjects/HelperLib/CMakeLists.txt */; };
		AD9842BD2B824544BB127DC3 /* /Users/dmitdavydov/CLionProjects/HelperLib/OSX_Screen/ScreenHelper.cpp */ = {isa = PBXBuildFile; fileRef = 950F50CEE5974AE4B5D7F8B3 /* /Users/dmitdavydov/CLionProjects/HelperLib/OSX_Screen/ScreenHelper.cpp */; };
		D83E191753DE45FE984A8876 /* /Users/dmitdavydov/CLionProjects/HelperLib/OSX_Screen/OpenCV.cpp */ = {isa = PBXBuildFile; fileRef = E974059B724148B58ED0F057 /* /Users/dmitdavydov/CLionProjects/HelperLib/OSX_Screen/OpenCV.cpp */; };
		D991E9FF30D34F6EBAEA62D1 /* /Users/dmitdavydov/CLionProjects/HelperLib/OSX_Screen/ScreenHelper.h */ = {isa = PBXBuildFile; fileRef = 21DBDED5C909411DB30E02F0 /* /Users/dmitdavydov/CLionProjects/HelperLib/OSX_Screen/ScreenHelper.h */; };
		F8797D37EEC64809830DB924 /* /Users/dmitdavydov/CLionProjects/HelperLib/OSX_Screen/OpenCV.h */ = {isa = PBXBuildFile; fileRef = 4DFADFBEEAFD44BB89D76EEB /* /Users/dmitdavydov/CLionProjects/HelperLib/OSX_Screen/OpenCV.h */; };
/* End PBXBuildFile section */

/* Begin PBXBuildStyle section */
		334D1C91D1E84DFAAF649F26 /* MinSizeRel */ = {
			isa = PBXBuildStyle;
			buildSettings = {
				COPY_PHASE_STRIP = NO;
			};
			name = MinSizeRel;
		};
		5D116B0614CA4F5CAFB3C3E9 /* Debug */ = {
			isa = PBXBuildStyle;
			buildSettings = {
				COPY_PHASE_STRIP = NO;
			};
			name = Debug;
		};
		5DAE76F052514B04BC7DCCBE /* Release */ = {
			isa = PBXBuildStyle;
			buildSettings = {
				COPY_PHASE_STRIP = NO;
			};
			name = Release;
		};
		B7DD366AE9884DE195564F3D /* RelWithDebInfo */ = {
			isa = PBXBuildStyle;
			buildSettings = {
				COPY_PHASE_STRIP = NO;
			};
			name = RelWithDebInfo;
		};
/* End PBXBuildStyle section */

/* Begin PBXContainerItemProxy section */
		279B8E0C2A3548528624DA63 /* PBXContainerItemProxy */ = {
			isa = PBXContainerItemProxy;
			containerPortal = FC36A5158615485D9C71A439 /* Project object */;
			proxyType = 1;
			remoteGlobalIDString = 2805126CCC8B46808D1CC564;
			remoteInfo = ZERO_CHECK;
		};
		569D4A8219CD4ABF8C7FA659 /* PBXContainerItemProxy */ = {
			isa = PBXContainerItemProxy;
			containerPortal = FC36A5158615485D9C71A439 /* Project object */;
			proxyType = 1;
			remoteGlobalIDString = 4B89BCB982A04DA4B632214C;
			remoteInfo = OSX_Screen;
		};
		62C4E57690264E12B908B15A /* PBXContainerItemProxy */ = {
			isa = PBXContainerItemProxy;
			containerPortal = FC36A5158615485D9C71A439 /* Project object */;
			proxyType = 1;
			remoteGlobalIDString = 4B89BCB982A04DA4B632214C;
			remoteInfo = OSX_Screen;
		};
		90383B509E534A14AC320B96 /* PBXContainerItemProxy */ = {
			isa = PBXContainerItemProxy;
			containerPortal = FC36A5158615485D9C71A439 /* Project object */;
			proxyType = 1;
			remoteGlobalIDString = 2805126CCC8B46808D1CC564;
			remoteInfo = ZERO_CHECK;
		};
		C5214F027591447781F140D3 /* PBXContainerItemProxy */ = {
			isa = PBXContainerItemProxy;
			containerPortal = FC36A5158615485D9C71A439 /* Project object */;
			proxyType = 1;
			remoteGlobalIDString = 2805126CCC8B46808D1CC564;
			remoteInfo = ZERO_CHECK;
		};
		D0136460E3EF4D76AD126D2B /* PBXContainerItemProxy */ = {
			isa = PBXContainerItemProxy;
			containerPortal = FC36A5158615485D9C71A439 /* Project object */;
			proxyType = 1;
			remoteGlobalIDString = 7741300265A54835BB35BEAF;
			remoteInfo = screenHelperTest;
		};
/* End PBXContainerItemProxy section */

/* Begin PBXFileReference section */
		21DBDED5C909411DB30E02F0 /* /Users/dmitdavydov/CLionProjects/HelperLib/OSX_Screen/ScreenHelper.h */ = {isa = PBXFileReference; explicitFileType = sourcecode.c.h; fileEncoding = 4; name = ScreenHelper.h; path = OSX_Screen/ScreenHelper.h; sourceTree = SOURCE_ROOT; };
		449B85F615884008BC1B9B3D /* screenHelperTest */ = {isa = PBXFileReference; explicitFileType = "compiled.mach-o.executable"; path = screenHelperTest; sourceTree = BUILT_PRODUCTS_DIR; };
		4DFADFBEEAFD44BB89D76EEB /* /Users/dmitdavydov/CLionProjects/HelperLib/OSX_Screen/OpenCV.h */ = {isa = PBXFileReference; explicitFileType = sourcecode.c.h; fileEncoding = 4; name = OpenCV.h; path = OSX_Screen/OpenCV.h; sourceTree = SOURCE_ROOT; };
		4E9C4B789D854B13A3F70E08 /* /Users/dmitdavydov/CLionProjects/HelperLib/OSX_Screen/CMakeLists.txt */ = {isa = PBXFileReference; explicitFileType = sourcecode.text; fileEncoding = 4; name = CMakeLists.txt; path = OSX_Screen/CMakeLists.txt; sourceTree = SOURCE_ROOT; };
		7DAB9FE2109F4DF1AEB03457 /* OSX_Screen */ = {isa = PBXFileReference; explicitFileType = archive.ar; path = libOSX_Screen.a; sourceTree = BUILT_PRODUCTS_DIR; };
		950F50CEE5974AE4B5D7F8B3 /* /Users/dmitdavydov/CLionProjects/HelperLib/OSX_Screen/ScreenHelper.cpp */ = {isa = PBXFileReference; explicitFileType = sourcecode.cpp.cpp; fileEncoding = 4; name = ScreenHelper.cpp; path = OSX_Screen/ScreenHelper.cpp; sourceTree = SOURCE_ROOT; };
		B51345DF41E04AF797C498E5 /* /Users/dmitdavydov/CLionProjects/HelperLib/OSX_Screen/OpenCV.h */ = {isa = PBXFileReference; explicitFileType = sourcecode.c.h; fileEncoding = 4; name = OpenCV.h; path = OSX_Screen/OpenCV.h; sourceTree = SOURCE_ROOT; };
		D31D14A9D9C24811BBA64A99 /* /Users/dmitdavydov/CLionProjects/HelperLib/CMakeLists.txt */ = {isa = PBXFileReference; explicitFileType = sourcecode.text; fileEncoding = 4; name = CMakeLists.txt; path = CMakeLists.txt; sourceTree = SOURCE_ROOT; };
		E8AC08428C1743458F9C1323 /* /Users/dmitdavydov/CLionProjects/HelperLib/OSX_Screen/ScreenHelperExternal.h */ = {isa = PBXFileReference; explicitFileType = sourcecode.c.h; fileEncoding = 4; name = ScreenHelperExternal.h; path = OSX_Screen/ScreenHelperExternal.h; sourceTree = SOURCE_ROOT; };
		E974059B724148B58ED0F057 /* /Users/dmitdavydov/CLionProjects/HelperLib/OSX_Screen/OpenCV.cpp */ = {isa = PBXFileReference; explicitFileType = sourcecode.cpp.cpp; fileEncoding = 4; name = OpenCV.cpp; path = OSX_Screen/OpenCV.cpp; sourceTree = SOURCE_ROOT; };
		E975CDA6826342EA8B3063F9 /* /Users/dmitdavydov/CLionProjects/HelperLib/OSX_Screen/ScreenHelperExternal.h */ = {isa = PBXFileReference; explicitFileType = sourcecode.c.h; fileEncoding = 4; name = ScreenHelperExternal.h; path = OSX_Screen/ScreenHelperExternal.h; sourceTree = SOURCE_ROOT; };
		F2B17E004758425BBC341638 /* /Users/dmitdavydov/CLionProjects/HelperLib/main.cpp */ = {isa = PBXFileReference; explicitFileType = sourcecode.cpp.cpp; fileEncoding = 4; name = main.cpp; path = main.cpp; sourceTree = SOURCE_ROOT; };
		F356230883E241C884338273 /* /Users/dmitdavydov/CLionProjects/HelperLib/OSX_Screen/ScreenHelper.h */ = {isa = PBXFileReference; explicitFileType = sourcecode.c.h; fileEncoding = 4; name = ScreenHelper.h; path = OSX_Screen/ScreenHelper.h; sourceTree = SOURCE_ROOT; };
		F8FF28E46E0842799B541C8E /* /Users/dmitdavydov/CLionProjects/HelperLib/CMakeLists.txt */ = {isa = PBXFileReference; explicitFileType = sourcecode.text; fileEncoding = 4; name = CMakeLists.txt; path = CMakeLists.txt; sourceTree = SOURCE_ROOT; };
/* End PBXFileReference section */

/* Begin PBXFrameworksBuildPhase section */
		9E7C33DFDC554D2FB0F349A9 /* Frameworks */ = {
			isa = PBXFrameworksBuildPhase;
			buildActionMask = 2147483647;
			files = (
			);
			runOnlyForDeploymentPostprocessing = 0;
		};
		D3E3C7482681451086D77477 /* Frameworks */ = {
			isa = PBXFrameworksBuildPhase;
			buildActionMask = 2147483647;
			files = (
			);
			runOnlyForDeploymentPostprocessing = 0;
		};
/* End PBXFrameworksBuildPhase section */

/* Begin PBXGroup section */
		04EF1C098B8C486A90437E78 /* Source Files */ = {
			isa = PBXGroup;
			children = (
				F2B17E004758425BBC341638 /* /Users/dmitdavydov/CLionProjects/HelperLib/main.cpp */,
			);
			name = "Source Files";
			sourceTree = "<group>";
		};
		0A018C10E149433EAA46A109 /* screenHelperTest */ = {
			isa = PBXGroup;
			children = (
				04EF1C098B8C486A90437E78 /* Source Files */,
				5494C72E2A1A4B0C86B842A6 /* Header Files */,
				D31D14A9D9C24811BBA64A99 /* /Users/dmitdavydov/CLionProjects/HelperLib/CMakeLists.txt */,
			);
			name = screenHelperTest;
			sourceTree = "<group>";
		};
		0EDB73A40A96480D85565FFC /* ALL_BUILD */ = {
			isa = PBXGroup;
			children = (
				122D83B8DC2E450EAC3FC949 /* CMake Rules */,
				F8FF28E46E0842799B541C8E /* /Users/dmitdavydov/CLionProjects/HelperLib/CMakeLists.txt */,
			);
			name = ALL_BUILD;
			sourceTree = "<group>";
		};
		122D83B8DC2E450EAC3FC949 /* CMake Rules */ = {
			isa = PBXGroup;
			children = (
			);
			name = "CMake Rules";
			sourceTree = "<group>";
		};
		498A39DE686F4953BFE8A7BC /* Header Files */ = {
			isa = PBXGroup;
			children = (
				B51345DF41E04AF797C498E5 /* /Users/dmitdavydov/CLionProjects/HelperLib/OSX_Screen/OpenCV.h */,
				F356230883E241C884338273 /* /Users/dmitdavydov/CLionProjects/HelperLib/OSX_Screen/ScreenHelper.h */,
				E975CDA6826342EA8B3063F9 /* /Users/dmitdavydov/CLionProjects/HelperLib/OSX_Screen/ScreenHelperExternal.h */,
			);
			name = "Header Files";
			sourceTree = "<group>";
		};
		5494C72E2A1A4B0C86B842A6 /* Header Files */ = {
			isa = PBXGroup;
			children = (
				4DFADFBEEAFD44BB89D76EEB /* /Users/dmitdavydov/CLionProjects/HelperLib/OSX_Screen/OpenCV.h */,
				21DBDED5C909411DB30E02F0 /* /Users/dmitdavydov/CLionProjects/HelperLib/OSX_Screen/ScreenHelper.h */,
				E8AC08428C1743458F9C1323 /* /Users/dmitdavydov/CLionProjects/HelperLib/OSX_Screen/ScreenHelperExternal.h */,
			);
			name = "Header Files";
			sourceTree = "<group>";
		};
		6FD7BC80840149CBBE1C5F74 /* OSX_Screen */ = {
			isa = PBXGroup;
			children = (
				A2FC903D425C4631AB9D434C /* Source Files */,
				498A39DE686F4953BFE8A7BC /* Header Files */,
				4E9C4B789D854B13A3F70E08 /* /Users/dmitdavydov/CLionProjects/HelperLib/OSX_Screen/CMakeLists.txt */,
			);
			name = OSX_Screen;
			sourceTree = "<group>";
		};
		7FBFE9695A444E33B6254BED /* Products */ = {
			isa = PBXGroup;
			children = (
				7DAB9FE2109F4DF1AEB03457 /* OSX_Screen */,
				449B85F615884008BC1B9B3D /* screenHelperTest */,
			);
			name = Products;
			sourceTree = "<group>";
		};
		A2FC903D425C4631AB9D434C /* Source Files */ = {
			isa = PBXGroup;
			children = (
				E974059B724148B58ED0F057 /* /Users/dmitdavydov/CLionProjects/HelperLib/OSX_Screen/OpenCV.cpp */,
				950F50CEE5974AE4B5D7F8B3 /* /Users/dmitdavydov/CLionProjects/HelperLib/OSX_Screen/ScreenHelper.cpp */,
			);
			name = "Source Files";
			sourceTree = "<group>";
		};
		A4309883053F4060AF0A4B69 /* Frameworks */ = {
			isa = PBXGroup;
			children = (
			);
			name = Frameworks;
			sourceTree = "<group>";
		};
		FEDDA30775F14AE696828A39 = {
			isa = PBXGroup;
			children = (
				0A018C10E149433EAA46A109 /* screenHelperTest */,
				0EDB73A40A96480D85565FFC /* ALL_BUILD */,
				6FD7BC80840149CBBE1C5F74 /* OSX_Screen */,
				7FBFE9695A444E33B6254BED /* Products */,
				A4309883053F4060AF0A4B69 /* Frameworks */,
			);
			sourceTree = "<group>";
		};
/* End PBXGroup section */

/* Begin PBXNativeTarget section */
		4B89BCB982A04DA4B632214C /* OSX_Screen */ = {
			isa = PBXNativeTarget;
			buildConfigurationList = 704D09243B5B466E9919275F /* Build configuration list for PBXNativeTarget "OSX_Screen" */;
			buildPhases = (
				54AAA6D926E246BE850D708A /* Sources */,
				D3E3C7482681451086D77477 /* Frameworks */,
			);
			buildRules = (
			);
			dependencies = (
				AEE9A5272B7A44F194794F42 /* PBXTargetDependency */,
			);
			name = OSX_Screen;
			productName = OSX_Screen;
			productReference = 7DAB9FE2109F4DF1AEB03457 /* OSX_Screen */;
			productType = "com.apple.product-type.library.static";
		};
		7741300265A54835BB35BEAF /* screenHelperTest */ = {
			isa = PBXNativeTarget;
			buildConfigurationList = 66CC520B000943B8AE3EE8E0 /* Build configuration list for PBXNativeTarget "screenHelperTest" */;
			buildPhases = (
				14AFD41C68BA4322AD37CEE1 /* Sources */,
				9E7C33DFDC554D2FB0F349A9 /* Frameworks */,
			);
			buildRules = (
			);
			dependencies = (
				CFAAD20991FD4CD19A155703 /* PBXTargetDependency */,
				38D63A4F86584B3E92CD23A2 /* PBXTargetDependency */,
			);
			name = screenHelperTest;
			productName = screenHelperTest;
			productReference = 449B85F615884008BC1B9B3D /* screenHelperTest */;
			productType = "com.apple.product-type.tool";
		};
/* End PBXNativeTarget section */

/* Begin PBXProject section */
		FC36A5158615485D9C71A439 /* Project object */ = {
			isa = PBXProject;
			attributes = {
				BuildIndependentTargetsInParallel = YES;
				LastUpgradeCheck = 1410;
			};
			buildConfigurationList = D7CD84E3DC3B4DAF8EA8A1F0 /* Build configuration list for PBXProject "ScreenHelper" */;
			buildSettings = {
			};
			buildStyles = (
				5D116B0614CA4F5CAFB3C3E9 /* Debug */,
				5DAE76F052514B04BC7DCCBE /* Release */,
				334D1C91D1E84DFAAF649F26 /* MinSizeRel */,
				B7DD366AE9884DE195564F3D /* RelWithDebInfo */,
			);
			compatibilityVersion = "Xcode 3.2";
			hasScannedForEncodings = 0;
			mainGroup = FEDDA30775F14AE696828A39;
			projectDirPath = .;
			projectRoot = "";
			targets = (
				5681BC24F2C244E988C4C6B5 /* ALL_BUILD */,
				4B89BCB982A04DA4B632214C /* OSX_Screen */,
				2805126CCC8B46808D1CC564 /* ZERO_CHECK */,
				7741300265A54835BB35BEAF /* screenHelperTest */,
			);
		};
/* End PBXProject section */

/* Begin PBXShellScriptBuildPhase section */
		3C0110FC8322DE7E50886E21 = {
			isa = PBXShellScriptBuildPhase;
			buildActionMask = 2147483647;
			files = (
			);
			inputPaths = (
			);
			outputPaths = (
			);
			runOnlyForDeploymentPostprocessing = 0;
			shellPath = /bin/sh;
			shellScript = "# shell script goes here
exit 0";
			showEnvVarsInLog = 0;
		};
		9B50530E35CC49C82C2FACCF = {
			isa = PBXShellScriptBuildPhase;
			buildActionMask = 2147483647;
			files = (
			);
			inputPaths = (
			);
			outputPaths = (
			);
			runOnlyForDeploymentPostprocessing = 0;
			shellPath = /bin/sh;
			shellScript = "# shell script goes here
exit 0";
			showEnvVarsInLog = 0;
		};
		D6E876B47AE5A0D8BB1E6199 /* Generate CMakeFiles/ALL_BUILD */ = {
			isa = PBXShellScriptBuildPhase;
			alwaysOutOfDate = 1;
			buildActionMask = 2147483647;
			files = (
			);
			inputPaths = (
			);
			name = "Generate CMakeFiles/ALL_BUILD";
			outputPaths = (
/Users/dmitdavydov/CLionProjects/HelperLib/CMakeFiles/ALL_BUILD			);
			runOnlyForDeploymentPostprocessing = 0;
			shellPath = /bin/sh;
			shellScript = "set -e
if test \"$CONFIGURATION\" = \"Debug\"; then :
  cd /Users/dmitdavydov/CLionProjects/HelperLib
  echo Build\\ all\\ projects
fi
if test \"$CONFIGURATION\" = \"Release\"; then :
  cd /Users/dmitdavydov/CLionProjects/HelperLib
  echo Build\\ all\\ projects
fi
if test \"$CONFIGURATION\" = \"MinSizeRel\"; then :
  cd /Users/dmitdavydov/CLionProjects/HelperLib
  echo Build\\ all\\ projects
fi
if test \"$CONFIGURATION\" = \"RelWithDebInfo\"; then :
  cd /Users/dmitdavydov/CLionProjects/HelperLib
  echo Build\\ all\\ projects
fi
";
			showEnvVarsInLog = 0;
		};
		E8DDD0B3D45A33977C6CC1BE /* Generate CMakeFiles/ZERO_CHECK */ = {
			isa = PBXShellScriptBuildPhase;
			alwaysOutOfDate = 1;
			buildActionMask = 2147483647;
			files = (
			);
			inputPaths = (
			);
			name = "Generate CMakeFiles/ZERO_CHECK";
			outputPaths = (
/Users/dmitdavydov/CLionProjects/HelperLib/CMakeFiles/ZERO_CHECK			);
			runOnlyForDeploymentPostprocessing = 0;
			shellPath = /bin/sh;
			shellScript = "set -e
if test \"$CONFIGURATION\" = \"Debug\"; then :
  cd /Users/dmitdavydov/CLionProjects/HelperLib
  make -f /Users/dmitdavydov/CLionProjects/HelperLib/CMakeScripts/ReRunCMake.make
fi
if test \"$CONFIGURATION\" = \"Release\"; then :
  cd /Users/dmitdavydov/CLionProjects/HelperLib
  make -f /Users/dmitdavydov/CLionProjects/HelperLib/CMakeScripts/ReRunCMake.make
fi
if test \"$CONFIGURATION\" = \"MinSizeRel\"; then :
  cd /Users/dmitdavydov/CLionProjects/HelperLib
  make -f /Users/dmitdavydov/CLionProjects/HelperLib/CMakeScripts/ReRunCMake.make
fi
if test \"$CONFIGURATION\" = \"RelWithDebInfo\"; then :
  cd /Users/dmitdavydov/CLionProjects/HelperLib
  make -f /Users/dmitdavydov/CLionProjects/HelperLib/CMakeScripts/ReRunCMake.make
fi
";
			showEnvVarsInLog = 0;
		};
/* End PBXShellScriptBuildPhase section */

/* Begin PBXSourcesBuildPhase section */
		14AFD41C68BA4322AD37CEE1 /* Sources */ = {
			isa = PBXSourcesBuildPhase;
			buildActionMask = 2147483647;
			files = (
				3BB03EC678124086815948D9 /* /Users/dmitdavydov/CLionProjects/HelperLib/main.cpp */,
			);
			runOnlyForDeploymentPostprocessing = 0;
		};
		54AAA6D926E246BE850D708A /* Sources */ = {
			isa = PBXSourcesBuildPhase;
			buildActionMask = 2147483647;
			files = (
				D83E191753DE45FE984A8876 /* /Users/dmitdavydov/CLionProjects/HelperLib/OSX_Screen/OpenCV.cpp */,
				AD9842BD2B824544BB127DC3 /* /Users/dmitdavydov/CLionProjects/HelperLib/OSX_Screen/ScreenHelper.cpp */,
			);
			runOnlyForDeploymentPostprocessing = 0;
		};
/* End PBXSourcesBuildPhase section */

/* Begin PBXTargetDependency section */
		3612075BF8E24056B306A571 /* PBXTargetDependency */ = {
			isa = PBXTargetDependency;
			target = 2805126CCC8B46808D1CC564 /* ZERO_CHECK */;
			targetProxy = C5214F027591447781F140D3 /* PBXContainerItemProxy */;
		};
		38D63A4F86584B3E92CD23A2 /* PBXTargetDependency */ = {
			isa = PBXTargetDependency;
			target = 4B89BCB982A04DA4B632214C /* OSX_Screen */;
			targetProxy = 62C4E57690264E12B908B15A /* PBXContainerItemProxy */;
		};
		A73AB44A135947F3B8A3A239 /* PBXTargetDependency */ = {
			isa = PBXTargetDependency;
			target = 4B89BCB982A04DA4B632214C /* OSX_Screen */;
			targetProxy = 569D4A8219CD4ABF8C7FA659 /* PBXContainerItemProxy */;
		};
		AEE9A5272B7A44F194794F42 /* PBXTargetDependency */ = {
			isa = PBXTargetDependency;
			target = 2805126CCC8B46808D1CC564 /* ZERO_CHECK */;
			targetProxy = 90383B509E534A14AC320B96 /* PBXContainerItemProxy */;
		};
		B9536227027F481C979605FF /* PBXTargetDependency */ = {
			isa = PBXTargetDependency;
			target = 7741300265A54835BB35BEAF /* screenHelperTest */;
			targetProxy = D0136460E3EF4D76AD126D2B /* PBXContainerItemProxy */;
		};
		CFAAD20991FD4CD19A155703 /* PBXTargetDependency */ = {
			isa = PBXTargetDependency;
			target = 2805126CCC8B46808D1CC564 /* ZERO_CHECK */;
			targetProxy = 279B8E0C2A3548528624DA63 /* PBXContainerItemProxy */;
		};
/* End PBXTargetDependency section */

/* Begin XCBuildConfiguration section */
		062D83C4698248E4BB0F9B0E /* RelWithDebInfo */ = {
			isa = XCBuildConfiguration;
			buildSettings = {
				ARCHS = arm64;
				COMBINE_HIDPI_IMAGES = YES;
				GCC_GENERATE_DEBUGGING_SYMBOLS = YES;
				GCC_INLINES_ARE_PRIVATE_EXTERN = NO;
				GCC_OPTIMIZATION_LEVEL = 0;
				GCC_PREPROCESSOR_DEFINITIONS = ("'CMAKE_INTDIR=\"$(CONFIGURATION)$(EFFECTIVE_PLATFORM_NAME)\"'","$(inherited)");
				GCC_SYMBOLS_PRIVATE_EXTERN = NO;
				INSTALL_PATH = "";
				ONLY_ACTIVE_ARCH = NO;
				OTHER_LDFLAGS = ("","$(inherited)");
				OTHER_REZFLAGS = "";
				PRODUCT_NAME = ZERO_CHECK;
				SECTORDER_FLAGS = "";
				USE_HEADERMAP = NO;
				WARNING_CFLAGS = ("$(inherited)");
			};
			name = RelWithDebInfo;
		};
		19DB6830BEA549FA9686897E /* RelWithDebInfo */ = {
			isa = XCBuildConfiguration;
			buildSettings = {
				ARCHS = arm64;
				MACOSX_DEPLOYMENT_TARGET = 12.6;
				SDKROOT = /Applications/Xcode.app/Contents/Developer/Platforms/MacOSX.platform/Developer/SDKs/MacOSX13.0.sdk;
				SYMROOT = /Users/dmitdavydov/CLionProjects/HelperLib/build;
			};
			name = RelWithDebInfo;
		};
		201189F0750441ECBE7DAF87 /* MinSizeRel */ = {
			isa = XCBuildConfiguration;
			buildSettings = {
				ARCHS = arm64;
				COMBINE_HIDPI_IMAGES = YES;
				GCC_GENERATE_DEBUGGING_SYMBOLS = YES;
				GCC_INLINES_ARE_PRIVATE_EXTERN = NO;
				GCC_OPTIMIZATION_LEVEL = 0;
				GCC_PREPROCESSOR_DEFINITIONS = ("'CMAKE_INTDIR=\"$(CONFIGURATION)$(EFFECTIVE_PLATFORM_NAME)\"'","$(inherited)");
				GCC_SYMBOLS_PRIVATE_EXTERN = NO;
				INSTALL_PATH = "";
				ONLY_ACTIVE_ARCH = NO;
				OTHER_LDFLAGS = ("","$(inherited)");
				OTHER_REZFLAGS = "";
				PRODUCT_NAME = ZERO_CHECK;
				SECTORDER_FLAGS = "";
				USE_HEADERMAP = NO;
				WARNING_CFLAGS = ("$(inherited)");
			};
			name = MinSizeRel;
		};
		20BF048229E742BF9E15180A /* RelWithDebInfo */ = {
			isa = XCBuildConfiguration;
			buildSettings = {
				ARCHS = arm64;
				COMBINE_HIDPI_IMAGES = YES;
				CONFIGURATION_BUILD_DIR = /Users/dmitdavydov/CLionProjects/HelperLib/bin/RelWithDebInfo;
				EXECUTABLE_PREFIX = "";
				EXECUTABLE_SUFFIX = "";
				GCC_GENERATE_DEBUGGING_SYMBOLS = YES;
				GCC_INLINES_ARE_PRIVATE_EXTERN = NO;
				GCC_OPTIMIZATION_LEVEL = 2;
				GCC_PREPROCESSOR_DEFINITIONS = ("'CMAKE_INTDIR=\"$(CONFIGURATION)$(EFFECTIVE_PLATFORM_NAME)\"'","$(inherited)");
				GCC_SYMBOLS_PRIVATE_EXTERN = NO;
				HEADER_SEARCH_PATHS = (/Users/dmitdavydov/CLionProjects/HelperLib/OSX_Screen,"$(inherited)");
				INSTALL_PATH = "";
				ONLY_ACTIVE_ARCH = NO;
				OTHER_CPLUSPLUSFLAGS = "       -DNDEBUG '-std=gnu++20' ";
				OTHER_LDFLAGS = (" -Wl,-search_paths_first -Wl,-headerpad_max_install_names","-framework CoreGraphics","-framework Foundation","-framework CoreServices","-framework ImageIO",/Users/dmitdavydov/CLionProjects/HelperLib/lib/RelWithDebInfo/libOSX_Screen.a,"$(inherited)");
				OTHER_REZFLAGS = "";
				PRODUCT_NAME = screenHelperTest;
				SECTORDER_FLAGS = "";
				TARGET_TEMP_DIR = "/Users/dmitdavydov/CLionProjects/HelperLib/build/screenHelperTest.build/$(CONFIGURATION)$(EFFECTIVE_PLATFORM_NAME)";
				USE_HEADERMAP = NO;
				WARNING_CFLAGS = ("$(inherited)");
			};
			name = RelWithDebInfo;
		};
		48A233FFAD364898BA835D6B /* Debug */ = {
			isa = XCBuildConfiguration;
			buildSettings = {
				ARCHS = arm64;
				COMBINE_HIDPI_IMAGES = YES;
				CONFIGURATION_BUILD_DIR = /Users/dmitdavydov/CLionProjects/HelperLib/lib/Debug;
				EXECUTABLE_PREFIX = lib;
				EXECUTABLE_SUFFIX = .a;
				GCC_GENERATE_DEBUGGING_SYMBOLS = YES;
				GCC_INLINES_ARE_PRIVATE_EXTERN = NO;
				GCC_OPTIMIZATION_LEVEL = 0;
				GCC_PREPROCESSOR_DEFINITIONS = ("'CMAKE_INTDIR=\"$(CONFIGURATION)$(EFFECTIVE_PLATFORM_NAME)\"'","$(inherited)");
				GCC_SYMBOLS_PRIVATE_EXTERN = NO;
				HEADER_SEARCH_PATHS = (/Users/dmitdavydov/CLionProjects/HelperLib/OSX_Screen,"$(inherited)");
				INSTALL_PATH = "";
				LIBRARY_STYLE = STATIC;
				ONLY_ACTIVE_ARCH = NO;
				OTHER_CPLUSPLUSFLAGS = "   '-std=gnu++20' ";
				OTHER_LIBTOOLFLAGS = ("");
				OTHER_REZFLAGS = "";
				PRODUCT_NAME = OSX_Screen;
				SECTORDER_FLAGS = "";
				TARGET_TEMP_DIR = "/Users/dmitdavydov/CLionProjects/HelperLib/build/OSX_Screen.build/$(CONFIGURATION)$(EFFECTIVE_PLATFORM_NAME)";
				USE_HEADERMAP = NO;
				WARNING_CFLAGS = ("$(inherited)");
			};
			name = Debug;
		};
		6BE2F4C1DF4646F08AF5CFB7 /* Release */ = {
			isa = XCBuildConfiguration;
			buildSettings = {
				ARCHS = arm64;
				COMBINE_HIDPI_IMAGES = YES;
				GCC_GENERATE_DEBUGGING_SYMBOLS = YES;
				GCC_INLINES_ARE_PRIVATE_EXTERN = NO;
				GCC_OPTIMIZATION_LEVEL = 0;
				GCC_PREPROCESSOR_DEFINITIONS = ("'CMAKE_INTDIR=\"$(CONFIGURATION)$(EFFECTIVE_PLATFORM_NAME)\"'","$(inherited)");
				GCC_SYMBOLS_PRIVATE_EXTERN = NO;
				INSTALL_PATH = "";
				ONLY_ACTIVE_ARCH = NO;
				OTHER_LDFLAGS = ("","$(inherited)");
				OTHER_REZFLAGS = "";
				PRODUCT_NAME = ALL_BUILD;
				SECTORDER_FLAGS = "";
				USE_HEADERMAP = NO;
				WARNING_CFLAGS = ("$(inherited)");
			};
			name = Release;
		};
		98A507821BBB452DBF5943AE /* RelWithDebInfo */ = {
			isa = XCBuildConfiguration;
			buildSettings = {
				ARCHS = arm64;
				COMBINE_HIDPI_IMAGES = YES;
				CONFIGURATION_BUILD_DIR = /Users/dmitdavydov/CLionProjects/HelperLib/lib/RelWithDebInfo;
				EXECUTABLE_PREFIX = lib;
				EXECUTABLE_SUFFIX = .a;
				GCC_GENERATE_DEBUGGING_SYMBOLS = YES;
				GCC_INLINES_ARE_PRIVATE_EXTERN = NO;
				GCC_OPTIMIZATION_LEVEL = 2;
				GCC_PREPROCESSOR_DEFINITIONS = ("'CMAKE_INTDIR=\"$(CONFIGURATION)$(EFFECTIVE_PLATFORM_NAME)\"'","$(inherited)");
				GCC_SYMBOLS_PRIVATE_EXTERN = NO;
				HEADER_SEARCH_PATHS = (/Users/dmitdavydov/CLionProjects/HelperLib/OSX_Screen,"$(inherited)");
				INSTALL_PATH = "";
				LIBRARY_STYLE = STATIC;
				ONLY_ACTIVE_ARCH = NO;
				OTHER_CPLUSPLUSFLAGS = "       -DNDEBUG '-std=gnu++20' ";
				OTHER_LIBTOOLFLAGS = ("");
				OTHER_REZFLAGS = "";
				PRODUCT_NAME = OSX_Screen;
				SECTORDER_FLAGS = "";
				TARGET_TEMP_DIR = "/Users/dmitdavydov/CLionProjects/HelperLib/build/OSX_Screen.build/$(CONFIGURATION)$(EFFECTIVE_PLATFORM_NAME)";
				USE_HEADERMAP = NO;
				WARNING_CFLAGS = ("$(inherited)");
			};
			name = RelWithDebInfo;
		};
		993AAA4259E6437C93BF23CC /* Release */ = {
			isa = XCBuildConfiguration;
			buildSettings = {
				ARCHS = arm64;
				COMBINE_HIDPI_IMAGES = YES;
				CONFIGURATION_BUILD_DIR = /Users/dmitdavydov/CLionProjects/HelperLib/bin/Release;
				EXECUTABLE_PREFIX = "";
				EXECUTABLE_SUFFIX = "";
				GCC_GENERATE_DEBUGGING_SYMBOLS = NO;
				GCC_INLINES_ARE_PRIVATE_EXTERN = NO;
				GCC_OPTIMIZATION_LEVEL = 3;
				GCC_PREPROCESSOR_DEFINITIONS = ("'CMAKE_INTDIR=\"$(CONFIGURATION)$(EFFECTIVE_PLATFORM_NAME)\"'","$(inherited)");
				GCC_SYMBOLS_PRIVATE_EXTERN = NO;
				HEADER_SEARCH_PATHS = (/Users/dmitdavydov/CLionProjects/HelperLib/OSX_Screen,"$(inherited)");
				INSTALL_PATH = "";
				ONLY_ACTIVE_ARCH = NO;
				OTHER_CPLUSPLUSFLAGS = "    -DNDEBUG '-std=gnu++20' ";
				OTHER_LDFLAGS = (" -Wl,-search_paths_first -Wl,-headerpad_max_install_names","-framework CoreGraphics","-framework Foundation","-framework CoreServices","-framework ImageIO",/Users/dmitdavydov/CLionProjects/HelperLib/lib/Release/libOSX_Screen.a,"$(inherited)");
				OTHER_REZFLAGS = "";
				PRODUCT_NAME = screenHelperTest;
				SECTORDER_FLAGS = "";
				TARGET_TEMP_DIR = "/Users/dmitdavydov/CLionProjects/HelperLib/build/screenHelperTest.build/$(CONFIGURATION)$(EFFECTIVE_PLATFORM_NAME)";
				USE_HEADERMAP = NO;
				WARNING_CFLAGS = ("$(inherited)");
			};
			name = Release;
		};
		A090B4F7EDCD43389D52259E /* Release */ = {
			isa = XCBuildConfiguration;
			buildSettings = {
				ARCHS = arm64;
				COMBINE_HIDPI_IMAGES = YES;
				GCC_GENERATE_DEBUGGING_SYMBOLS = YES;
				GCC_INLINES_ARE_PRIVATE_EXTERN = NO;
				GCC_OPTIMIZATION_LEVEL = 0;
				GCC_PREPROCESSOR_DEFINITIONS = ("'CMAKE_INTDIR=\"$(CONFIGURATION)$(EFFECTIVE_PLATFORM_NAME)\"'","$(inherited)");
				GCC_SYMBOLS_PRIVATE_EXTERN = NO;
				INSTALL_PATH = "";
				ONLY_ACTIVE_ARCH = NO;
				OTHER_LDFLAGS = ("","$(inherited)");
				OTHER_REZFLAGS = "";
				PRODUCT_NAME = ZERO_CHECK;
				SECTORDER_FLAGS = "";
				USE_HEADERMAP = NO;
				WARNING_CFLAGS = ("$(inherited)");
			};
			name = Release;
		};
		A6174A4629014F249A67963B /* MinSizeRel */ = {
			isa = XCBuildConfiguration;
			buildSettings = {
				ARCHS = arm64;
				COMBINE_HIDPI_IMAGES = YES;
				CONFIGURATION_BUILD_DIR = /Users/dmitdavydov/CLionProjects/HelperLib/lib/MinSizeRel;
				EXECUTABLE_PREFIX = lib;
				EXECUTABLE_SUFFIX = .a;
				GCC_GENERATE_DEBUGGING_SYMBOLS = NO;
				GCC_INLINES_ARE_PRIVATE_EXTERN = NO;
				GCC_OPTIMIZATION_LEVEL = s;
				GCC_PREPROCESSOR_DEFINITIONS = ("'CMAKE_INTDIR=\"$(CONFIGURATION)$(EFFECTIVE_PLATFORM_NAME)\"'","$(inherited)");
				GCC_SYMBOLS_PRIVATE_EXTERN = NO;
				HEADER_SEARCH_PATHS = (/Users/dmitdavydov/CLionProjects/HelperLib/OSX_Screen,"$(inherited)");
				INSTALL_PATH = "";
				LIBRARY_STYLE = STATIC;
				ONLY_ACTIVE_ARCH = NO;
				OTHER_CPLUSPLUSFLAGS = "    -DNDEBUG '-std=gnu++20' ";
				OTHER_LIBTOOLFLAGS = ("");
				OTHER_REZFLAGS = "";
				PRODUCT_NAME = OSX_Screen;
				SECTORDER_FLAGS = "";
				TARGET_TEMP_DIR = "/Users/dmitdavydov/CLionProjects/HelperLib/build/OSX_Screen.build/$(CONFIGURATION)$(EFFECTIVE_PLATFORM_NAME)";
				USE_HEADERMAP = NO;
				WARNING_CFLAGS = ("$(inherited)");
			};
			name = MinSizeRel;
		};
		A626437BED7F4D09B58566EC /* RelWithDebInfo */ = {
			isa = XCBuildConfiguration;
			buildSettings = {
				ARCHS = arm64;
				COMBINE_HIDPI_IMAGES = YES;
				GCC_GENERATE_DEBUGGING_SYMBOLS = YES;
				GCC_INLINES_ARE_PRIVATE_EXTERN = NO;
				GCC_OPTIMIZATION_LEVEL = 0;
				GCC_PREPROCESSOR_DEFINITIONS = ("'CMAKE_INTDIR=\"$(CONFIGURATION)$(EFFECTIVE_PLATFORM_NAME)\"'","$(inherited)");
				GCC_SYMBOLS_PRIVATE_EXTERN = NO;
				INSTALL_PATH = "";
				ONLY_ACTIVE_ARCH = NO;
				OTHER_LDFLAGS = ("","$(inherited)");
				OTHER_REZFLAGS = "";
				PRODUCT_NAME = ALL_BUILD;
				SECTORDER_FLAGS = "";
				USE_HEADERMAP = NO;
				WARNING_CFLAGS = ("$(inherited)");
			};
			name = RelWithDebInfo;
		};
		B4FD2B252A5D4572BDF0F6B4 /* Debug */ = {
			isa = XCBuildConfiguration;
			buildSettings = {
				ARCHS = arm64;
				COMBINE_HIDPI_IMAGES = YES;
				GCC_GENERATE_DEBUGGING_SYMBOLS = YES;
				GCC_INLINES_ARE_PRIVATE_EXTERN = NO;
				GCC_OPTIMIZATION_LEVEL = 0;
				GCC_PREPROCESSOR_DEFINITIONS = ("'CMAKE_INTDIR=\"$(CONFIGURATION)$(EFFECTIVE_PLATFORM_NAME)\"'","$(inherited)");
				GCC_SYMBOLS_PRIVATE_EXTERN = NO;
				INSTALL_PATH = "";
				ONLY_ACTIVE_ARCH = NO;
				OTHER_LDFLAGS = ("","$(inherited)");
				OTHER_REZFLAGS = "";
				PRODUCT_NAME = ZERO_CHECK;
				SECTORDER_FLAGS = "";
				USE_HEADERMAP = NO;
				WARNING_CFLAGS = ("$(inherited)");
			};
			name = Debug;
		};
		BF57AEE87241496198383B4C /* Release */ = {
			isa = XCBuildConfiguration;
			buildSettings = {
				ARCHS = arm64;
				MACOSX_DEPLOYMENT_TARGET = 12.6;
				SDKROOT = /Applications/Xcode.app/Contents/Developer/Platforms/MacOSX.platform/Developer/SDKs/MacOSX13.0.sdk;
				SYMROOT = /Users/dmitdavydov/CLionProjects/HelperLib/build;
			};
			name = Release;
		};
		C6CFBBB6BEFA48CE83D6C870 /* MinSizeRel */ = {
			isa = XCBuildConfiguration;
			buildSettings = {
				ARCHS = arm64;
				COMBINE_HIDPI_IMAGES = YES;
				CONFIGURATION_BUILD_DIR = /Users/dmitdavydov/CLionProjects/HelperLib/bin/MinSizeRel;
				EXECUTABLE_PREFIX = "";
				EXECUTABLE_SUFFIX = "";
				GCC_GENERATE_DEBUGGING_SYMBOLS = NO;
				GCC_INLINES_ARE_PRIVATE_EXTERN = NO;
				GCC_OPTIMIZATION_LEVEL = s;
				GCC_PREPROCESSOR_DEFINITIONS = ("'CMAKE_INTDIR=\"$(CONFIGURATION)$(EFFECTIVE_PLATFORM_NAME)\"'","$(inherited)");
				GCC_SYMBOLS_PRIVATE_EXTERN = NO;
				HEADER_SEARCH_PATHS = (/Users/dmitdavydov/CLionProjects/HelperLib/OSX_Screen,"$(inherited)");
				INSTALL_PATH = "";
				ONLY_ACTIVE_ARCH = NO;
				OTHER_CPLUSPLUSFLAGS = "    -DNDEBUG '-std=gnu++20' ";
				OTHER_LDFLAGS = (" -Wl,-search_paths_first -Wl,-headerpad_max_install_names","-framework CoreGraphics","-framework Foundation","-framework CoreServices","-framework ImageIO",/Users/dmitdavydov/CLionProjects/HelperLib/lib/MinSizeRel/libOSX_Screen.a,"$(inherited)");
				OTHER_REZFLAGS = "";
				PRODUCT_NAME = screenHelperTest;
				SECTORDER_FLAGS = "";
				TARGET_TEMP_DIR = "/Users/dmitdavydov/CLionProjects/HelperLib/build/screenHelperTest.build/$(CONFIGURATION)$(EFFECTIVE_PLATFORM_NAME)";
				USE_HEADERMAP = NO;
				WARNING_CFLAGS = ("$(inherited)");
			};
			name = MinSizeRel;
		};
		CFB97EBE4D604F9CA5EAD2FF /* MinSizeRel */ = {
			isa = XCBuildConfiguration;
			buildSettings = {
				ARCHS = arm64;
				MACOSX_DEPLOYMENT_TARGET = 12.6;
				SDKROOT = /Applications/Xcode.app/Contents/Developer/Platforms/MacOSX.platform/Developer/SDKs/MacOSX13.0.sdk;
				SYMROOT = /Users/dmitdavydov/CLionProjects/HelperLib/build;
			};
			name = MinSizeRel;
		};
		D2A5F9DB32E54D9EA3BADF80 /* Release */ = {
			isa = XCBuildConfiguration;
			buildSettings = {
				ARCHS = arm64;
				COMBINE_HIDPI_IMAGES = YES;
				CONFIGURATION_BUILD_DIR = /Users/dmitdavydov/CLionProjects/HelperLib/lib/Release;
				EXECUTABLE_PREFIX = lib;
				EXECUTABLE_SUFFIX = .a;
				GCC_GENERATE_DEBUGGING_SYMBOLS = NO;
				GCC_INLINES_ARE_PRIVATE_EXTERN = NO;
				GCC_OPTIMIZATION_LEVEL = 3;
				GCC_PREPROCESSOR_DEFINITIONS = ("'CMAKE_INTDIR=\"$(CONFIGURATION)$(EFFECTIVE_PLATFORM_NAME)\"'","$(inherited)");
				GCC_SYMBOLS_PRIVATE_EXTERN = NO;
				HEADER_SEARCH_PATHS = (/Users/dmitdavydov/CLionProjects/HelperLib/OSX_Screen,"$(inherited)");
				INSTALL_PATH = "";
				LIBRARY_STYLE = STATIC;
				ONLY_ACTIVE_ARCH = NO;
				OTHER_CPLUSPLUSFLAGS = "    -DNDEBUG '-std=gnu++20' ";
				OTHER_LIBTOOLFLAGS = ("");
				OTHER_REZFLAGS = "";
				PRODUCT_NAME = OSX_Screen;
				SECTORDER_FLAGS = "";
				TARGET_TEMP_DIR = "/Users/dmitdavydov/CLionProjects/HelperLib/build/OSX_Screen.build/$(CONFIGURATION)$(EFFECTIVE_PLATFORM_NAME)";
				USE_HEADERMAP = NO;
				WARNING_CFLAGS = ("$(inherited)");
			};
			name = Release;
		};
		D6A4458E7C3F406EB78947B5 /* Debug */ = {
			isa = XCBuildConfiguration;
			buildSettings = {
				ARCHS = arm64;
				COMBINE_HIDPI_IMAGES = YES;
				CONFIGURATION_BUILD_DIR = /Users/dmitdavydov/CLionProjects/HelperLib/bin/Debug;
				EXECUTABLE_PREFIX = "";
				EXECUTABLE_SUFFIX = "";
				GCC_GENERATE_DEBUGGING_SYMBOLS = YES;
				GCC_INLINES_ARE_PRIVATE_EXTERN = NO;
				GCC_OPTIMIZATION_LEVEL = 0;
				GCC_PREPROCESSOR_DEFINITIONS = ("'CMAKE_INTDIR=\"$(CONFIGURATION)$(EFFECTIVE_PLATFORM_NAME)\"'","$(inherited)");
				GCC_SYMBOLS_PRIVATE_EXTERN = NO;
				HEADER_SEARCH_PATHS = (/Users/dmitdavydov/CLionProjects/HelperLib/OSX_Screen,"$(inherited)");
				INSTALL_PATH = "";
				ONLY_ACTIVE_ARCH = NO;
				OTHER_CPLUSPLUSFLAGS = "   '-std=gnu++20' ";
				OTHER_LDFLAGS = (" -Wl,-search_paths_first -Wl,-headerpad_max_install_names","-framework CoreGraphics","-framework Foundation","-framework CoreServices","-framework ImageIO",/Users/dmitdavydov/CLionProjects/HelperLib/lib/Debug/libOSX_Screen.a,"$(inherited)");
				OTHER_REZFLAGS = "";
				PRODUCT_NAME = screenHelperTest;
				SECTORDER_FLAGS = "";
				TARGET_TEMP_DIR = "/Users/dmitdavydov/CLionProjects/HelperLib/build/screenHelperTest.build/$(CONFIGURATION)$(EFFECTIVE_PLATFORM_NAME)";
				USE_HEADERMAP = NO;
				WARNING_CFLAGS = ("$(inherited)");
			};
			name = Debug;
		};
		EDC71D5430544AB59E539D9B /* Debug */ = {
			isa = XCBuildConfiguration;
			buildSettings = {
				ARCHS = arm64;
				COMBINE_HIDPI_IMAGES = YES;
				GCC_GENERATE_DEBUGGING_SYMBOLS = YES;
				GCC_INLINES_ARE_PRIVATE_EXTERN = NO;
				GCC_OPTIMIZATION_LEVEL = 0;
				GCC_PREPROCESSOR_DEFINITIONS = ("'CMAKE_INTDIR=\"$(CONFIGURATION)$(EFFECTIVE_PLATFORM_NAME)\"'","$(inherited)");
				GCC_SYMBOLS_PRIVATE_EXTERN = NO;
				INSTALL_PATH = "";
				ONLY_ACTIVE_ARCH = NO;
				OTHER_LDFLAGS = ("","$(inherited)");
				OTHER_REZFLAGS = "";
				PRODUCT_NAME = ALL_BUILD;
				SECTORDER_FLAGS = "";
				USE_HEADERMAP = NO;
				WARNING_CFLAGS = ("$(inherited)");
			};
			name = Debug;
		};
		F5AC920EE4B645AC895E3518 /* Debug */ = {
			isa = XCBuildConfiguration;
			buildSettings = {
				ARCHS = arm64;
				MACOSX_DEPLOYMENT_TARGET = 12.6;
				SDKROOT = /Applications/Xcode.app/Contents/Developer/Platforms/MacOSX.platform/Developer/SDKs/MacOSX13.0.sdk;
				SYMROOT = /Users/dmitdavydov/CLionProjects/HelperLib/build;
			};
			name = Debug;
		};
		FFA271BCB1364C4EB0BBCFFA /* MinSizeRel */ = {
			isa = XCBuildConfiguration;
			buildSettings = {
				ARCHS = arm64;
				COMBINE_HIDPI_IMAGES = YES;
				GCC_GENERATE_DEBUGGING_SYMBOLS = YES;
				GCC_INLINES_ARE_PRIVATE_EXTERN = NO;
				GCC_OPTIMIZATION_LEVEL = 0;
				GCC_PREPROCESSOR_DEFINITIONS = ("'CMAKE_INTDIR=\"$(CONFIGURATION)$(EFFECTIVE_PLATFORM_NAME)\"'","$(inherited)");
				GCC_SYMBOLS_PRIVATE_EXTERN = NO;
				INSTALL_PATH = "";
				ONLY_ACTIVE_ARCH = NO;
				OTHER_LDFLAGS = ("","$(inherited)");
				OTHER_REZFLAGS = "";
				PRODUCT_NAME = ALL_BUILD;
				SECTORDER_FLAGS = "";
				USE_HEADERMAP = NO;
				WARNING_CFLAGS = ("$(inherited)");
			};
			name = MinSizeRel;
		};
/* End XCBuildConfiguration section */

/* Begin XCConfigurationList section */
		15271723963445B39A96DCFC /* Build configuration list for PBXAggregateTarget "ZERO_CHECK" */ = {
			isa = XCConfigurationList;
			buildConfigurations = (
				B4FD2B252A5D4572BDF0F6B4 /* Debug */,
				A090B4F7EDCD43389D52259E /* Release */,
				201189F0750441ECBE7DAF87 /* MinSizeRel */,
				062D83C4698248E4BB0F9B0E /* RelWithDebInfo */,
			);
			defaultConfigurationIsVisible = 0;
			defaultConfigurationName = Debug;
		};
		66CC520B000943B8AE3EE8E0 /* Build configuration list for PBXNativeTarget "screenHelperTest" */ = {
			isa = XCConfigurationList;
			buildConfigurations = (
				D6A4458E7C3F406EB78947B5 /* Debug */,
				993AAA4259E6437C93BF23CC /* Release */,
				C6CFBBB6BEFA48CE83D6C870 /* MinSizeRel */,
				20BF048229E742BF9E15180A /* RelWithDebInfo */,
			);
			defaultConfigurationIsVisible = 0;
			defaultConfigurationName = Debug;
		};
		704D09243B5B466E9919275F /* Build configuration list for PBXNativeTarget "OSX_Screen" */ = {
			isa = XCConfigurationList;
			buildConfigurations = (
				48A233FFAD364898BA835D6B /* Debug */,
				D2A5F9DB32E54D9EA3BADF80 /* Release */,
				A6174A4629014F249A67963B /* MinSizeRel */,
				98A507821BBB452DBF5943AE /* RelWithDebInfo */,
			);
			defaultConfigurationIsVisible = 0;
			defaultConfigurationName = Debug;
		};
		C56A4526B2764ADB94857B42 /* Build configuration list for PBXAggregateTarget "ALL_BUILD" */ = {
			isa = XCConfigurationList;
			buildConfigurations = (
				EDC71D5430544AB59E539D9B /* Debug */,
				6BE2F4C1DF4646F08AF5CFB7 /* Release */,
				FFA271BCB1364C4EB0BBCFFA /* MinSizeRel */,
				A626437BED7F4D09B58566EC /* RelWithDebInfo */,
			);
			defaultConfigurationIsVisible = 0;
			defaultConfigurationName = Debug;
		};
		D7CD84E3DC3B4DAF8EA8A1F0 /* Build configuration list for PBXProject "ScreenHelper" */ = {
			isa = XCConfigurationList;
			buildConfigurations = (
				F5AC920EE4B645AC895E3518 /* Debug */,
				BF57AEE87241496198383B4C /* Release */,
				CFB97EBE4D604F9CA5EAD2FF /* MinSizeRel */,
				19DB6830BEA549FA9686897E /* RelWithDebInfo */,
			);
			defaultConfigurationIsVisible = 0;
			defaultConfigurationName = Debug;
		};
/* End XCConfigurationList section */
	};
	rootObject = FC36A5158615485D9C71A439 /* Project object */;
}
